// !$*UTF8*$!
{
	archiveVersion = 1;
	classes = {
	};
	objectVersion = 46;
	objects = {

/* Begin PBXBuildFile section */
		160F45461EE4E99500980DEB /* PeliculaViewController.swift in Sources */ = {isa = PBXBuildFile; fileRef = 160F45451EE4E99500980DEB /* PeliculaViewController.swift */; };
		160F45481EE4E9A400980DEB /* Pelicula.storyboard in Resources */ = {isa = PBXBuildFile; fileRef = 160F45471EE4E9A400980DEB /* Pelicula.storyboard */; };
		16193BC21F2652FD003B2C09 /* TA1.wav in Resources */ = {isa = PBXBuildFile; fileRef = 16193BBA1F2652FD003B2C09 /* TA1.wav */; };
		16193BC31F2652FD003B2C09 /* TA2.wav in Resources */ = {isa = PBXBuildFile; fileRef = 16193BBB1F2652FD003B2C09 /* TA2.wav */; };
		16193BC41F2652FD003B2C09 /* TA3.wav in Resources */ = {isa = PBXBuildFile; fileRef = 16193BBC1F2652FD003B2C09 /* TA3.wav */; };
		16193BC51F2652FD003B2C09 /* TA4.wav in Resources */ = {isa = PBXBuildFile; fileRef = 16193BBD1F2652FD003B2C09 /* TA4.wav */; };
		16193BC61F2652FD003B2C09 /* TA5.wav in Resources */ = {isa = PBXBuildFile; fileRef = 16193BBE1F2652FD003B2C09 /* TA5.wav */; };
		16193BC71F2652FD003B2C09 /* TA6.wav in Resources */ = {isa = PBXBuildFile; fileRef = 16193BBF1F2652FD003B2C09 /* TA6.wav */; };
		16193BC81F2652FD003B2C09 /* TA7.wav in Resources */ = {isa = PBXBuildFile; fileRef = 16193BC01F2652FD003B2C09 /* TA7.wav */; };
		16193BC91F2652FD003B2C09 /* TA8.wav in Resources */ = {isa = PBXBuildFile; fileRef = 16193BC11F2652FD003B2C09 /* TA8.wav */; };
		161D21531F0345650098ADA3 /* Pagina.swift in Sources */ = {isa = PBXBuildFile; fileRef = 161D21521F0345650098ADA3 /* Pagina.swift */; };
		163BB7B11F06C95400ECA352 /* Libro.swift in Sources */ = {isa = PBXBuildFile; fileRef = 163BB7B01F06C95400ECA352 /* Libro.swift */; };
		1672660E1F4A886800D154AA /* topos0.png in Resources */ = {isa = PBXBuildFile; fileRef = 1672660D1F4A886800D154AA /* topos0.png */; };
		1675095E1EF1B73300651818 /* SeleccionCollectionViewCell.swift in Sources */ = {isa = PBXBuildFile; fileRef = 1675095D1EF1B73300651818 /* SeleccionCollectionViewCell.swift */; };
		167678931EE4D2F900EED638 /* GrabarAudio.storyboard in Resources */ = {isa = PBXBuildFile; fileRef = 167678921EE4D2F900EED638 /* GrabarAudio.storyboard */; };
		167678951EE4D31100EED638 /* GrabarAudioViewController.swift in Sources */ = {isa = PBXBuildFile; fileRef = 167678941EE4D31100EED638 /* GrabarAudioViewController.swift */; };
		169346231F08669E00BAE79D /* Biblioteca.storyboard in Resources */ = {isa = PBXBuildFile; fileRef = 169346221F08669E00BAE79D /* Biblioteca.storyboard */; };
		169346251F0866B600BAE79D /* BibliotecaViewController.swift in Sources */ = {isa = PBXBuildFile; fileRef = 169346241F0866B600BAE79D /* BibliotecaViewController.swift */; };
		16981A391F3AB224006CEDAA /* edicion05_agregar_pg.png in Resources */ = {isa = PBXBuildFile; fileRef = 16981A2D1F3AB224006CEDAA /* edicion05_agregar_pg.png */; };
		16981A3A1F3AB224006CEDAA /* edicion05_borrar_pg.png in Resources */ = {isa = PBXBuildFile; fileRef = 16981A2E1F3AB224006CEDAA /* edicion05_borrar_pg.png */; };
		16981A3B1F3AB224006CEDAA /* edicion05_cerrar_libro.png in Resources */ = {isa = PBXBuildFile; fileRef = 16981A2F1F3AB224006CEDAA /* edicion05_cerrar_libro.png */; };
		16981A3C1F3AB224006CEDAA /* edicion05_flecha_der.png in Resources */ = {isa = PBXBuildFile; fileRef = 16981A301F3AB224006CEDAA /* edicion05_flecha_der.png */; };
		16981A3D1F3AB224006CEDAA /* edicion05_flecha_izq.png in Resources */ = {isa = PBXBuildFile; fileRef = 16981A311F3AB224006CEDAA /* edicion05_flecha_izq.png */; };
		16981A3E1F3AB224006CEDAA /* edicion05_fondo.png in Resources */ = {isa = PBXBuildFile; fileRef = 16981A321F3AB224006CEDAA /* edicion05_fondo.png */; };
		16981A3F1F3AB224006CEDAA /* edicion05_fondos.png in Resources */ = {isa = PBXBuildFile; fileRef = 16981A331F3AB224006CEDAA /* edicion05_fondos.png */; };
		16981A401F3AB224006CEDAA /* edicion05_musica.png in Resources */ = {isa = PBXBuildFile; fileRef = 16981A341F3AB224006CEDAA /* edicion05_musica.png */; };
		16981A411F3AB224006CEDAA /* edicion05_personajes.png in Resources */ = {isa = PBXBuildFile; fileRef = 16981A351F3AB224006CEDAA /* edicion05_personajes.png */; };
		16981A421F3AB224006CEDAA /* edicion05_play.png in Resources */ = {isa = PBXBuildFile; fileRef = 16981A361F3AB224006CEDAA /* edicion05_play.png */; };
		16981A431F3AB224006CEDAA /* edicion05_salir.png in Resources */ = {isa = PBXBuildFile; fileRef = 16981A371F3AB224006CEDAA /* edicion05_salir.png */; };
		16981A441F3AB224006CEDAA /* edicion05_voz.png in Resources */ = {isa = PBXBuildFile; fileRef = 16981A381F3AB224006CEDAA /* edicion05_voz.png */; };
		16AF17031EE09395008A9B17 /* GaleriaMusica.jpeg in Resources */ = {isa = PBXBuildFile; fileRef = 16AF17021EE09395008A9B17 /* GaleriaMusica.jpeg */; };
		16AF17261EE0F838008A9B17 /* GaleriaFondos.storyboard in Resources */ = {isa = PBXBuildFile; fileRef = 16AF17251EE0F838008A9B17 /* GaleriaFondos.storyboard */; };
		16AF172A1EE0F8BA008A9B17 /* GaleriaFondosCollectionViewCell.swift in Sources */ = {isa = PBXBuildFile; fileRef = 16AF17291EE0F8BA008A9B17 /* GaleriaFondosCollectionViewCell.swift */; };
		16BC26C01EE36A52009C2688 /* GaleriaTopos.storyboard in Resources */ = {isa = PBXBuildFile; fileRef = 16BC26BF1EE36A52009C2688 /* GaleriaTopos.storyboard */; };
		16BC26C21EE36A6E009C2688 /* GaleriaToposCollectionViewCell.swift in Sources */ = {isa = PBXBuildFile; fileRef = 16BC26C11EE36A6E009C2688 /* GaleriaToposCollectionViewCell.swift */; };
		16BC26ED1EE459DF009C2688 /* Seleccion.storyboard in Resources */ = {isa = PBXBuildFile; fileRef = 16BC26EC1EE459DF009C2688 /* Seleccion.storyboard */; };
		16BC26EF1EE45B6F009C2688 /* SeleccionViewController.swift in Sources */ = {isa = PBXBuildFile; fileRef = 16BC26EE1EE45B6F009C2688 /* SeleccionViewController.swift */; };
		16BC26F11EE45D02009C2688 /* GaleriaFondosViewController.swift in Sources */ = {isa = PBXBuildFile; fileRef = 16BC26F01EE45D02009C2688 /* GaleriaFondosViewController.swift */; };
		16BC26F31EE49A81009C2688 /* GaleriaToposViewController.swift in Sources */ = {isa = PBXBuildFile; fileRef = 16BC26F21EE49A81009C2688 /* GaleriaToposViewController.swift */; };
		16BC26F51EE49CB0009C2688 /* GaleriaMusicaViewController.swift in Sources */ = {isa = PBXBuildFile; fileRef = 16BC26F41EE49CB0009C2688 /* GaleriaMusicaViewController.swift */; };
		16BC26F71EE49CCF009C2688 /* GaleriaMusica.storyboard in Resources */ = {isa = PBXBuildFile; fileRef = 16BC26F61EE49CCF009C2688 /* GaleriaMusica.storyboard */; };
		16BC26F91EE49D85009C2688 /* GaleriaMusicaCollectionViewCell.swift in Sources */ = {isa = PBXBuildFile; fileRef = 16BC26F81EE49D85009C2688 /* GaleriaMusicaCollectionViewCell.swift */; };
		16BCBEB31F06BDF0001DDC07 /* Tapa.storyboard in Resources */ = {isa = PBXBuildFile; fileRef = 16BCBEB21F06BDF0001DDC07 /* Tapa.storyboard */; };
		16BCBEB51F06BE08001DDC07 /* TapaViewController.swift in Sources */ = {isa = PBXBuildFile; fileRef = 16BCBEB41F06BE08001DDC07 /* TapaViewController.swift */; };
		16CB0A7E1F1C55430076F381 /* Compartir.storyboard in Resources */ = {isa = PBXBuildFile; fileRef = 16CB0A7D1F1C55430076F381 /* Compartir.storyboard */; };
		16CB0A8D1F1C55CB0076F381 /* CompartirViewController.swift in Sources */ = {isa = PBXBuildFile; fileRef = 16CB0A8A1F1C55CB0076F381 /* CompartirViewController.swift */; };
		16CB0A8E1F1C55CB0076F381 /* TimeLapseBuilder.swift in Sources */ = {isa = PBXBuildFile; fileRef = 16CB0A8B1F1C55CB0076F381 /* TimeLapseBuilder.swift */; };
		16E8E1681F088A6600DE1255 /* BibliotecaCollectionViewCell.swift in Sources */ = {isa = PBXBuildFile; fileRef = 16E8E1671F088A6600DE1255 /* BibliotecaCollectionViewCell.swift */; };
		16E8E16A1F0896D000DE1255 /* GaleriaTapas.storyboard in Resources */ = {isa = PBXBuildFile; fileRef = 16E8E1691F0896D000DE1255 /* GaleriaTapas.storyboard */; };
		16E8E16C1F0896EE00DE1255 /* GaleriaTapasCollectionViewCell.swift in Sources */ = {isa = PBXBuildFile; fileRef = 16E8E16B1F0896EE00DE1255 /* GaleriaTapasCollectionViewCell.swift */; };
		16E8E1701F08987000DE1255 /* GaleriaTapasViewController.swift in Sources */ = {isa = PBXBuildFile; fileRef = 16E8E16F1F08987000DE1255 /* GaleriaTapasViewController.swift */; };
		16EA074E1F7AC2A30005C816 /* TextoAImagenViewController.swift in Sources */ = {isa = PBXBuildFile; fileRef = 16EA074D1F7AC2A30005C816 /* TextoAImagenViewController.swift */; };
		16EA07511F7AC4270005C816 /* TextoAImagenViewController.storyboard in Resources */ = {isa = PBXBuildFile; fileRef = 16EA07501F7AC4270005C816 /* TextoAImagenViewController.storyboard */; };
		16EA3D2B1EDD971700B30D72 /* AppDelegate.swift in Sources */ = {isa = PBXBuildFile; fileRef = 16EA3D2A1EDD971700B30D72 /* AppDelegate.swift */; };
		16EA3D331EDD971700B30D72 /* Topos.xcdatamodeld in Sources */ = {isa = PBXBuildFile; fileRef = 16EA3D311EDD971700B30D72 /* Topos.xcdatamodeld */; };
		16EA3D351EDD971700B30D72 /* Assets.xcassets in Resources */ = {isa = PBXBuildFile; fileRef = 16EA3D341EDD971700B30D72 /* Assets.xcassets */; };
		16EA3D381EDD971700B30D72 /* LaunchScreen.storyboard in Resources */ = {isa = PBXBuildFile; fileRef = 16EA3D361EDD971700B30D72 /* LaunchScreen.storyboard */; };
		16EA3D431EDD971800B30D72 /* ToposTests.swift in Sources */ = {isa = PBXBuildFile; fileRef = 16EA3D421EDD971800B30D72 /* ToposTests.swift */; };
		16EA3D4E1EDD971800B30D72 /* ToposUITests.swift in Sources */ = {isa = PBXBuildFile; fileRef = 16EA3D4D1EDD971800B30D72 /* ToposUITests.swift */; };
		16FCC9EA1F228D7000DAFA5E /* Libreria.storyboard in Resources */ = {isa = PBXBuildFile; fileRef = 16FCC9E91F228D7000DAFA5E /* Libreria.storyboard */; };
		16FCC9EC1F22941100DAFA5E /* LibreriaViewController.swift in Sources */ = {isa = PBXBuildFile; fileRef = 16FCC9EB1F22941100DAFA5E /* LibreriaViewController.swift */; };
		16FFD7A71F1D7A6100B4B2C3 /* fondo0.png in Resources */ = {isa = PBXBuildFile; fileRef = 16FFD79C1F1D7A6100B4B2C3 /* fondo0.png */; };
		16FFD7A81F1D7A6100B4B2C3 /* fondo1.jpg in Resources */ = {isa = PBXBuildFile; fileRef = 16FFD79D1F1D7A6100B4B2C3 /* fondo1.jpg */; };
		16FFD7A91F1D7A6100B4B2C3 /* fondo2.jpg in Resources */ = {isa = PBXBuildFile; fileRef = 16FFD79E1F1D7A6100B4B2C3 /* fondo2.jpg */; };
		16FFD7AA1F1D7A6100B4B2C3 /* fondo3.jpg in Resources */ = {isa = PBXBuildFile; fileRef = 16FFD79F1F1D7A6100B4B2C3 /* fondo3.jpg */; };
		16FFD7AB1F1D7A6100B4B2C3 /* fondo4.jpg in Resources */ = {isa = PBXBuildFile; fileRef = 16FFD7A01F1D7A6100B4B2C3 /* fondo4.jpg */; };
		16FFD7AC1F1D7A6100B4B2C3 /* fondo5.jpg in Resources */ = {isa = PBXBuildFile; fileRef = 16FFD7A11F1D7A6100B4B2C3 /* fondo5.jpg */; };
		16FFD7AD1F1D7A6100B4B2C3 /* fondo6.jpg in Resources */ = {isa = PBXBuildFile; fileRef = 16FFD7A21F1D7A6100B4B2C3 /* fondo6.jpg */; };
		16FFD7AE1F1D7A6100B4B2C3 /* fondo7.jpg in Resources */ = {isa = PBXBuildFile; fileRef = 16FFD7A31F1D7A6100B4B2C3 /* fondo7.jpg */; };
		16FFD7AF1F1D7A6100B4B2C3 /* fondo8.jpg in Resources */ = {isa = PBXBuildFile; fileRef = 16FFD7A41F1D7A6100B4B2C3 /* fondo8.jpg */; };
		16FFD7B01F1D7A6100B4B2C3 /* fondo9.jpg in Resources */ = {isa = PBXBuildFile; fileRef = 16FFD7A51F1D7A6100B4B2C3 /* fondo9.jpg */; };
		16FFD7B11F1D7A6100B4B2C3 /* fondo10.jpg in Resources */ = {isa = PBXBuildFile; fileRef = 16FFD7A61F1D7A6100B4B2C3 /* fondo10.jpg */; };
		16FFD7C51F1D7A6C00B4B2C3 /* topos1.png in Resources */ = {isa = PBXBuildFile; fileRef = 16FFD7B21F1D7A6C00B4B2C3 /* topos1.png */; };
		16FFD7C61F1D7A6C00B4B2C3 /* topos2.png in Resources */ = {isa = PBXBuildFile; fileRef = 16FFD7B31F1D7A6C00B4B2C3 /* topos2.png */; };
		16FFD7C71F1D7A6C00B4B2C3 /* topos3.png in Resources */ = {isa = PBXBuildFile; fileRef = 16FFD7B41F1D7A6C00B4B2C3 /* topos3.png */; };
		16FFD7C81F1D7A6C00B4B2C3 /* topos4.png in Resources */ = {isa = PBXBuildFile; fileRef = 16FFD7B51F1D7A6C00B4B2C3 /* topos4.png */; };
		16FFD7C91F1D7A6C00B4B2C3 /* topos5.png in Resources */ = {isa = PBXBuildFile; fileRef = 16FFD7B61F1D7A6C00B4B2C3 /* topos5.png */; };
		16FFD7CA1F1D7A6C00B4B2C3 /* topos6.png in Resources */ = {isa = PBXBuildFile; fileRef = 16FFD7B71F1D7A6C00B4B2C3 /* topos6.png */; };
		16FFD7CB1F1D7A6C00B4B2C3 /* topos7.png in Resources */ = {isa = PBXBuildFile; fileRef = 16FFD7B81F1D7A6C00B4B2C3 /* topos7.png */; };
		16FFD7CC1F1D7A6C00B4B2C3 /* topos8.png in Resources */ = {isa = PBXBuildFile; fileRef = 16FFD7B91F1D7A6C00B4B2C3 /* topos8.png */; };
		16FFD7CD1F1D7A6C00B4B2C3 /* topos9.png in Resources */ = {isa = PBXBuildFile; fileRef = 16FFD7BA1F1D7A6C00B4B2C3 /* topos9.png */; };
		16FFD7CE1F1D7A6C00B4B2C3 /* topos10.png in Resources */ = {isa = PBXBuildFile; fileRef = 16FFD7BB1F1D7A6C00B4B2C3 /* topos10.png */; };
		16FFD7CF1F1D7A6C00B4B2C3 /* topos11.png in Resources */ = {isa = PBXBuildFile; fileRef = 16FFD7BC1F1D7A6C00B4B2C3 /* topos11.png */; };
		16FFD7D01F1D7A6C00B4B2C3 /* topos12.png in Resources */ = {isa = PBXBuildFile; fileRef = 16FFD7BD1F1D7A6C00B4B2C3 /* topos12.png */; };
		16FFD7D11F1D7A6C00B4B2C3 /* topos13.png in Resources */ = {isa = PBXBuildFile; fileRef = 16FFD7BE1F1D7A6C00B4B2C3 /* topos13.png */; };
		16FFD7D21F1D7A6C00B4B2C3 /* topos14.png in Resources */ = {isa = PBXBuildFile; fileRef = 16FFD7BF1F1D7A6C00B4B2C3 /* topos14.png */; };
		16FFD7D31F1D7A6C00B4B2C3 /* topos15.png in Resources */ = {isa = PBXBuildFile; fileRef = 16FFD7C01F1D7A6C00B4B2C3 /* topos15.png */; };
		16FFD7D41F1D7A6C00B4B2C3 /* topos16.png in Resources */ = {isa = PBXBuildFile; fileRef = 16FFD7C11F1D7A6C00B4B2C3 /* topos16.png */; };
		16FFD7D51F1D7A6C00B4B2C3 /* topos17.png in Resources */ = {isa = PBXBuildFile; fileRef = 16FFD7C21F1D7A6C00B4B2C3 /* topos17.png */; };
		16FFD7D61F1D7A6C00B4B2C3 /* topos18.png in Resources */ = {isa = PBXBuildFile; fileRef = 16FFD7C31F1D7A6C00B4B2C3 /* topos18.png */; };
		16FFD7D71F1D7A6C00B4B2C3 /* topos19.png in Resources */ = {isa = PBXBuildFile; fileRef = 16FFD7C41F1D7A6C00B4B2C3 /* topos19.png */; };
		C401907662A20D37A2552CF0 /* Pods_ToposUITests.framework in Frameworks */ = {isa = PBXBuildFile; fileRef = 02A4A2B8BBDDA8CD7924CA2E /* Pods_ToposUITests.framework */; };
		CD94E1C1E18A562C64F27470 /* Pods_ToposTests.framework in Frameworks */ = {isa = PBXBuildFile; fileRef = 5762CC9574420B77C63DFB3A /* Pods_ToposTests.framework */; };
		FF6DEC4EB6E2846A3C726354 /* Pods_Topos.framework in Frameworks */ = {isa = PBXBuildFile; fileRef = 2662A8CDC72B3C983ECF85A3 /* Pods_Topos.framework */; };
/* End PBXBuildFile section */

/* Begin PBXContainerItemProxy section */
		16EA3D3F1EDD971800B30D72 /* PBXContainerItemProxy */ = {
			isa = PBXContainerItemProxy;
			containerPortal = 16EA3D1F1EDD971700B30D72 /* Project object */;
			proxyType = 1;
			remoteGlobalIDString = 16EA3D261EDD971700B30D72;
			remoteInfo = Topos;
		};
		16EA3D4A1EDD971800B30D72 /* PBXContainerItemProxy */ = {
			isa = PBXContainerItemProxy;
			containerPortal = 16EA3D1F1EDD971700B30D72 /* Project object */;
			proxyType = 1;
			remoteGlobalIDString = 16EA3D261EDD971700B30D72;
			remoteInfo = Topos;
		};
/* End PBXContainerItemProxy section */

/* Begin PBXFileReference section */
		004AD28EA184FB5FCF16C814 /* Pods-Topos.debug.xcconfig */ = {isa = PBXFileReference; includeInIndex = 1; lastKnownFileType = text.xcconfig; name = "Pods-Topos.debug.xcconfig"; path = "Pods/Target Support Files/Pods-Topos/Pods-Topos.debug.xcconfig"; sourceTree = "<group>"; };
		006FAFFEB787FCC8DE8BBE18 /* Pods-ToposUITests.release.xcconfig */ = {isa = PBXFileReference; includeInIndex = 1; lastKnownFileType = text.xcconfig; name = "Pods-ToposUITests.release.xcconfig"; path = "Pods/Target Support Files/Pods-ToposUITests/Pods-ToposUITests.release.xcconfig"; sourceTree = "<group>"; };
		02A4A2B8BBDDA8CD7924CA2E /* Pods_ToposUITests.framework */ = {isa = PBXFileReference; explicitFileType = wrapper.framework; includeInIndex = 0; path = Pods_ToposUITests.framework; sourceTree = BUILT_PRODUCTS_DIR; };
		0A638369653C76C1B1A5257E /* Pods-ToposTests.debug.xcconfig */ = {isa = PBXFileReference; includeInIndex = 1; lastKnownFileType = text.xcconfig; name = "Pods-ToposTests.debug.xcconfig"; path = "Pods/Target Support Files/Pods-ToposTests/Pods-ToposTests.debug.xcconfig"; sourceTree = "<group>"; };
		160F45451EE4E99500980DEB /* PeliculaViewController.swift */ = {isa = PBXFileReference; fileEncoding = 4; lastKnownFileType = sourcecode.swift; path = PeliculaViewController.swift; sourceTree = "<group>"; };
		160F45471EE4E9A400980DEB /* Pelicula.storyboard */ = {isa = PBXFileReference; fileEncoding = 4; lastKnownFileType = file.storyboard; path = Pelicula.storyboard; sourceTree = "<group>"; };
		16193BBA1F2652FD003B2C09 /* TA1.wav */ = {isa = PBXFileReference; lastKnownFileType = audio.wav; path = TA1.wav; sourceTree = "<group>"; };
		16193BBB1F2652FD003B2C09 /* TA2.wav */ = {isa = PBXFileReference; lastKnownFileType = audio.wav; path = TA2.wav; sourceTree = "<group>"; };
		16193BBC1F2652FD003B2C09 /* TA3.wav */ = {isa = PBXFileReference; lastKnownFileType = audio.wav; path = TA3.wav; sourceTree = "<group>"; };
		16193BBD1F2652FD003B2C09 /* TA4.wav */ = {isa = PBXFileReference; lastKnownFileType = audio.wav; path = TA4.wav; sourceTree = "<group>"; };
		16193BBE1F2652FD003B2C09 /* TA5.wav */ = {isa = PBXFileReference; lastKnownFileType = audio.wav; path = TA5.wav; sourceTree = "<group>"; };
		16193BBF1F2652FD003B2C09 /* TA6.wav */ = {isa = PBXFileReference; lastKnownFileType = audio.wav; path = TA6.wav; sourceTree = "<group>"; };
		16193BC01F2652FD003B2C09 /* TA7.wav */ = {isa = PBXFileReference; lastKnownFileType = audio.wav; path = TA7.wav; sourceTree = "<group>"; };
		16193BC11F2652FD003B2C09 /* TA8.wav */ = {isa = PBXFileReference; lastKnownFileType = audio.wav; path = TA8.wav; sourceTree = "<group>"; };
		161D21521F0345650098ADA3 /* Pagina.swift */ = {isa = PBXFileReference; fileEncoding = 4; lastKnownFileType = sourcecode.swift; path = Pagina.swift; sourceTree = "<group>"; };
		163BB7B01F06C95400ECA352 /* Libro.swift */ = {isa = PBXFileReference; fileEncoding = 4; lastKnownFileType = sourcecode.swift; path = Libro.swift; sourceTree = "<group>"; };
		163FCC9C1F7C0520007337E2 /* GoogleService-Info.plist */ = {isa = PBXFileReference; lastKnownFileType = text.plist.xml; path = "GoogleService-Info.plist"; sourceTree = "<group>"; };
		1672660D1F4A886800D154AA /* topos0.png */ = {isa = PBXFileReference; lastKnownFileType = image.png; path = topos0.png; sourceTree = "<group>"; };
		1675095D1EF1B73300651818 /* SeleccionCollectionViewCell.swift */ = {isa = PBXFileReference; fileEncoding = 4; lastKnownFileType = sourcecode.swift; path = SeleccionCollectionViewCell.swift; sourceTree = "<group>"; };
		167678921EE4D2F900EED638 /* GrabarAudio.storyboard */ = {isa = PBXFileReference; fileEncoding = 4; lastKnownFileType = file.storyboard; path = GrabarAudio.storyboard; sourceTree = "<group>"; };
		167678941EE4D31100EED638 /* GrabarAudioViewController.swift */ = {isa = PBXFileReference; fileEncoding = 4; lastKnownFileType = sourcecode.swift; path = GrabarAudioViewController.swift; sourceTree = "<group>"; };
		169346221F08669E00BAE79D /* Biblioteca.storyboard */ = {isa = PBXFileReference; fileEncoding = 4; lastKnownFileType = file.storyboard; path = Biblioteca.storyboard; sourceTree = "<group>"; };
		169346241F0866B600BAE79D /* BibliotecaViewController.swift */ = {isa = PBXFileReference; fileEncoding = 4; lastKnownFileType = sourcecode.swift; path = BibliotecaViewController.swift; sourceTree = "<group>"; };
		16981A2D1F3AB224006CEDAA /* edicion05_agregar_pg.png */ = {isa = PBXFileReference; lastKnownFileType = image.png; path = edicion05_agregar_pg.png; sourceTree = "<group>"; };
		16981A2E1F3AB224006CEDAA /* edicion05_borrar_pg.png */ = {isa = PBXFileReference; lastKnownFileType = image.png; path = edicion05_borrar_pg.png; sourceTree = "<group>"; };
		16981A2F1F3AB224006CEDAA /* edicion05_cerrar_libro.png */ = {isa = PBXFileReference; lastKnownFileType = image.png; path = edicion05_cerrar_libro.png; sourceTree = "<group>"; };
		16981A301F3AB224006CEDAA /* edicion05_flecha_der.png */ = {isa = PBXFileReference; lastKnownFileType = image.png; path = edicion05_flecha_der.png; sourceTree = "<group>"; };
		16981A311F3AB224006CEDAA /* edicion05_flecha_izq.png */ = {isa = PBXFileReference; lastKnownFileType = image.png; path = edicion05_flecha_izq.png; sourceTree = "<group>"; };
		16981A321F3AB224006CEDAA /* edicion05_fondo.png */ = {isa = PBXFileReference; lastKnownFileType = image.png; path = edicion05_fondo.png; sourceTree = "<group>"; };
		16981A331F3AB224006CEDAA /* edicion05_fondos.png */ = {isa = PBXFileReference; lastKnownFileType = image.png; path = edicion05_fondos.png; sourceTree = "<group>"; };
		16981A341F3AB224006CEDAA /* edicion05_musica.png */ = {isa = PBXFileReference; lastKnownFileType = image.png; path = edicion05_musica.png; sourceTree = "<group>"; };
		16981A351F3AB224006CEDAA /* edicion05_personajes.png */ = {isa = PBXFileReference; lastKnownFileType = image.png; path = edicion05_personajes.png; sourceTree = "<group>"; };
		16981A361F3AB224006CEDAA /* edicion05_play.png */ = {isa = PBXFileReference; lastKnownFileType = image.png; path = edicion05_play.png; sourceTree = "<group>"; };
		16981A371F3AB224006CEDAA /* edicion05_salir.png */ = {isa = PBXFileReference; lastKnownFileType = image.png; path = edicion05_salir.png; sourceTree = "<group>"; };
		16981A381F3AB224006CEDAA /* edicion05_voz.png */ = {isa = PBXFileReference; lastKnownFileType = image.png; path = edicion05_voz.png; sourceTree = "<group>"; };
		16AF17021EE09395008A9B17 /* GaleriaMusica.jpeg */ = {isa = PBXFileReference; lastKnownFileType = image.jpeg; path = GaleriaMusica.jpeg; sourceTree = "<group>"; };
		16AF17251EE0F838008A9B17 /* GaleriaFondos.storyboard */ = {isa = PBXFileReference; fileEncoding = 4; lastKnownFileType = file.storyboard; path = GaleriaFondos.storyboard; sourceTree = "<group>"; };
		16AF17291EE0F8BA008A9B17 /* GaleriaFondosCollectionViewCell.swift */ = {isa = PBXFileReference; fileEncoding = 4; lastKnownFileType = sourcecode.swift; path = GaleriaFondosCollectionViewCell.swift; sourceTree = "<group>"; };
		16BC26BF1EE36A52009C2688 /* GaleriaTopos.storyboard */ = {isa = PBXFileReference; fileEncoding = 4; lastKnownFileType = file.storyboard; path = GaleriaTopos.storyboard; sourceTree = "<group>"; };
		16BC26C11EE36A6E009C2688 /* GaleriaToposCollectionViewCell.swift */ = {isa = PBXFileReference; fileEncoding = 4; lastKnownFileType = sourcecode.swift; path = GaleriaToposCollectionViewCell.swift; sourceTree = "<group>"; };
		16BC26EC1EE459DF009C2688 /* Seleccion.storyboard */ = {isa = PBXFileReference; fileEncoding = 4; lastKnownFileType = file.storyboard; path = Seleccion.storyboard; sourceTree = "<group>"; };
		16BC26EE1EE45B6F009C2688 /* SeleccionViewController.swift */ = {isa = PBXFileReference; fileEncoding = 4; lastKnownFileType = sourcecode.swift; path = SeleccionViewController.swift; sourceTree = "<group>"; };
		16BC26F01EE45D02009C2688 /* GaleriaFondosViewController.swift */ = {isa = PBXFileReference; fileEncoding = 4; lastKnownFileType = sourcecode.swift; path = GaleriaFondosViewController.swift; sourceTree = "<group>"; };
		16BC26F21EE49A81009C2688 /* GaleriaToposViewController.swift */ = {isa = PBXFileReference; fileEncoding = 4; lastKnownFileType = sourcecode.swift; path = GaleriaToposViewController.swift; sourceTree = "<group>"; };
		16BC26F41EE49CB0009C2688 /* GaleriaMusicaViewController.swift */ = {isa = PBXFileReference; fileEncoding = 4; lastKnownFileType = sourcecode.swift; path = GaleriaMusicaViewController.swift; sourceTree = "<group>"; };
		16BC26F61EE49CCF009C2688 /* GaleriaMusica.storyboard */ = {isa = PBXFileReference; fileEncoding = 4; lastKnownFileType = file.storyboard; path = GaleriaMusica.storyboard; sourceTree = "<group>"; };
		16BC26F81EE49D85009C2688 /* GaleriaMusicaCollectionViewCell.swift */ = {isa = PBXFileReference; fileEncoding = 4; lastKnownFileType = sourcecode.swift; path = GaleriaMusicaCollectionViewCell.swift; sourceTree = "<group>"; };
		16BCBEB21F06BDF0001DDC07 /* Tapa.storyboard */ = {isa = PBXFileReference; fileEncoding = 4; lastKnownFileType = file.storyboard; path = Tapa.storyboard; sourceTree = "<group>"; };
		16BCBEB41F06BE08001DDC07 /* TapaViewController.swift */ = {isa = PBXFileReference; fileEncoding = 4; lastKnownFileType = sourcecode.swift; path = TapaViewController.swift; sourceTree = "<group>"; };
		16CB0A7D1F1C55430076F381 /* Compartir.storyboard */ = {isa = PBXFileReference; fileEncoding = 4; lastKnownFileType = file.storyboard; path = Compartir.storyboard; sourceTree = "<group>"; };
		16CB0A8A1F1C55CB0076F381 /* CompartirViewController.swift */ = {isa = PBXFileReference; fileEncoding = 4; lastKnownFileType = sourcecode.swift; path = CompartirViewController.swift; sourceTree = "<group>"; };
		16CB0A8B1F1C55CB0076F381 /* TimeLapseBuilder.swift */ = {isa = PBXFileReference; fileEncoding = 4; lastKnownFileType = sourcecode.swift; path = TimeLapseBuilder.swift; sourceTree = "<group>"; };
		16E8E1671F088A6600DE1255 /* BibliotecaCollectionViewCell.swift */ = {isa = PBXFileReference; fileEncoding = 4; lastKnownFileType = sourcecode.swift; path = BibliotecaCollectionViewCell.swift; sourceTree = "<group>"; };
		16E8E1691F0896D000DE1255 /* GaleriaTapas.storyboard */ = {isa = PBXFileReference; fileEncoding = 4; lastKnownFileType = file.storyboard; path = GaleriaTapas.storyboard; sourceTree = "<group>"; };
		16E8E16B1F0896EE00DE1255 /* GaleriaTapasCollectionViewCell.swift */ = {isa = PBXFileReference; fileEncoding = 4; lastKnownFileType = sourcecode.swift; path = GaleriaTapasCollectionViewCell.swift; sourceTree = "<group>"; };
		16E8E16F1F08987000DE1255 /* GaleriaTapasViewController.swift */ = {isa = PBXFileReference; fileEncoding = 4; lastKnownFileType = sourcecode.swift; path = GaleriaTapasViewController.swift; sourceTree = "<group>"; };
		16EA074D1F7AC2A30005C816 /* TextoAImagenViewController.swift */ = {isa = PBXFileReference; lastKnownFileType = sourcecode.swift; path = TextoAImagenViewController.swift; sourceTree = "<group>"; };
		16EA07501F7AC4270005C816 /* TextoAImagenViewController.storyboard */ = {isa = PBXFileReference; lastKnownFileType = file.storyboard; path = TextoAImagenViewController.storyboard; sourceTree = "<group>"; };
		16EA3D271EDD971700B30D72 /* Topos.app */ = {isa = PBXFileReference; explicitFileType = wrapper.application; includeInIndex = 0; path = Topos.app; sourceTree = BUILT_PRODUCTS_DIR; };
		16EA3D2A1EDD971700B30D72 /* AppDelegate.swift */ = {isa = PBXFileReference; lastKnownFileType = sourcecode.swift; path = AppDelegate.swift; sourceTree = "<group>"; };
		16EA3D321EDD971700B30D72 /* Topos.xcdatamodel */ = {isa = PBXFileReference; lastKnownFileType = wrapper.xcdatamodel; path = Topos.xcdatamodel; sourceTree = "<group>"; };
		16EA3D341EDD971700B30D72 /* Assets.xcassets */ = {isa = PBXFileReference; lastKnownFileType = folder.assetcatalog; path = Assets.xcassets; sourceTree = "<group>"; };
		16EA3D371EDD971700B30D72 /* Base */ = {isa = PBXFileReference; lastKnownFileType = file.storyboard; name = Base; path = Base.lproj/LaunchScreen.storyboard; sourceTree = "<group>"; };
		16EA3D391EDD971700B30D72 /* Info.plist */ = {isa = PBXFileReference; lastKnownFileType = text.plist.xml; path = Info.plist; sourceTree = "<group>"; };
		16EA3D3E1EDD971800B30D72 /* ToposTests.xctest */ = {isa = PBXFileReference; explicitFileType = wrapper.cfbundle; includeInIndex = 0; path = ToposTests.xctest; sourceTree = BUILT_PRODUCTS_DIR; };
		16EA3D421EDD971800B30D72 /* ToposTests.swift */ = {isa = PBXFileReference; lastKnownFileType = sourcecode.swift; path = ToposTests.swift; sourceTree = "<group>"; };
		16EA3D441EDD971800B30D72 /* Info.plist */ = {isa = PBXFileReference; lastKnownFileType = text.plist.xml; path = Info.plist; sourceTree = "<group>"; };
		16EA3D491EDD971800B30D72 /* ToposUITests.xctest */ = {isa = PBXFileReference; explicitFileType = wrapper.cfbundle; includeInIndex = 0; path = ToposUITests.xctest; sourceTree = BUILT_PRODUCTS_DIR; };
		16EA3D4D1EDD971800B30D72 /* ToposUITests.swift */ = {isa = PBXFileReference; lastKnownFileType = sourcecode.swift; path = ToposUITests.swift; sourceTree = "<group>"; };
		16EA3D4F1EDD971800B30D72 /* Info.plist */ = {isa = PBXFileReference; lastKnownFileType = text.plist.xml; path = Info.plist; sourceTree = "<group>"; };
		16F256F11F75387F0010420A /* fondocuentos.png */ = {isa = PBXFileReference; lastKnownFileType = image.png; path = fondocuentos.png; sourceTree = "<group>"; };
		16F256F21F7539A20010420A /* fondoPantalla0.png */ = {isa = PBXFileReference; lastKnownFileType = image.png; path = fondoPantalla0.png; sourceTree = "<group>"; };
		16F256F31F753E690010420A /* fondomiscuentos.png */ = {isa = PBXFileReference; lastKnownFileType = image.png; path = fondomiscuentos.png; sourceTree = "<group>"; };
		16FCC9E91F228D7000DAFA5E /* Libreria.storyboard */ = {isa = PBXFileReference; fileEncoding = 4; lastKnownFileType = file.storyboard; path = Libreria.storyboard; sourceTree = "<group>"; };
		16FCC9EB1F22941100DAFA5E /* LibreriaViewController.swift */ = {isa = PBXFileReference; fileEncoding = 4; lastKnownFileType = sourcecode.swift; path = LibreriaViewController.swift; sourceTree = "<group>"; };
		16FFD79C1F1D7A6100B4B2C3 /* fondo0.png */ = {isa = PBXFileReference; lastKnownFileType = image.png; path = fondo0.png; sourceTree = "<group>"; };
		16FFD79D1F1D7A6100B4B2C3 /* fondo1.jpg */ = {isa = PBXFileReference; lastKnownFileType = image.jpeg; path = fondo1.jpg; sourceTree = "<group>"; };
		16FFD79E1F1D7A6100B4B2C3 /* fondo2.jpg */ = {isa = PBXFileReference; lastKnownFileType = image.jpeg; path = fondo2.jpg; sourceTree = "<group>"; };
		16FFD79F1F1D7A6100B4B2C3 /* fondo3.jpg */ = {isa = PBXFileReference; lastKnownFileType = image.jpeg; path = fondo3.jpg; sourceTree = "<group>"; };
		16FFD7A01F1D7A6100B4B2C3 /* fondo4.jpg */ = {isa = PBXFileReference; lastKnownFileType = image.jpeg; path = fondo4.jpg; sourceTree = "<group>"; };
		16FFD7A11F1D7A6100B4B2C3 /* fondo5.jpg */ = {isa = PBXFileReference; lastKnownFileType = image.jpeg; path = fondo5.jpg; sourceTree = "<group>"; };
		16FFD7A21F1D7A6100B4B2C3 /* fondo6.jpg */ = {isa = PBXFileReference; lastKnownFileType = image.jpeg; path = fondo6.jpg; sourceTree = "<group>"; };
		16FFD7A31F1D7A6100B4B2C3 /* fondo7.jpg */ = {isa = PBXFileReference; lastKnownFileType = image.jpeg; path = fondo7.jpg; sourceTree = "<group>"; };
		16FFD7A41F1D7A6100B4B2C3 /* fondo8.jpg */ = {isa = PBXFileReference; lastKnownFileType = image.jpeg; path = fondo8.jpg; sourceTree = "<group>"; };
		16FFD7A51F1D7A6100B4B2C3 /* fondo9.jpg */ = {isa = PBXFileReference; lastKnownFileType = image.jpeg; path = fondo9.jpg; sourceTree = "<group>"; };
		16FFD7A61F1D7A6100B4B2C3 /* fondo10.jpg */ = {isa = PBXFileReference; lastKnownFileType = image.jpeg; path = fondo10.jpg; sourceTree = "<group>"; };
		16FFD7B21F1D7A6C00B4B2C3 /* topos1.png */ = {isa = PBXFileReference; lastKnownFileType = image.png; path = topos1.png; sourceTree = "<group>"; };
		16FFD7B31F1D7A6C00B4B2C3 /* topos2.png */ = {isa = PBXFileReference; lastKnownFileType = image.png; path = topos2.png; sourceTree = "<group>"; };
		16FFD7B41F1D7A6C00B4B2C3 /* topos3.png */ = {isa = PBXFileReference; lastKnownFileType = image.png; path = topos3.png; sourceTree = "<group>"; };
		16FFD7B51F1D7A6C00B4B2C3 /* topos4.png */ = {isa = PBXFileReference; lastKnownFileType = image.png; path = topos4.png; sourceTree = "<group>"; };
		16FFD7B61F1D7A6C00B4B2C3 /* topos5.png */ = {isa = PBXFileReference; lastKnownFileType = image.png; path = topos5.png; sourceTree = "<group>"; };
		16FFD7B71F1D7A6C00B4B2C3 /* topos6.png */ = {isa = PBXFileReference; lastKnownFileType = image.png; path = topos6.png; sourceTree = "<group>"; };
		16FFD7B81F1D7A6C00B4B2C3 /* topos7.png */ = {isa = PBXFileReference; lastKnownFileType = image.png; path = topos7.png; sourceTree = "<group>"; };
		16FFD7B91F1D7A6C00B4B2C3 /* topos8.png */ = {isa = PBXFileReference; lastKnownFileType = image.png; path = topos8.png; sourceTree = "<group>"; };
		16FFD7BA1F1D7A6C00B4B2C3 /* topos9.png */ = {isa = PBXFileReference; lastKnownFileType = image.png; path = topos9.png; sourceTree = "<group>"; };
		16FFD7BB1F1D7A6C00B4B2C3 /* topos10.png */ = {isa = PBXFileReference; lastKnownFileType = image.png; path = topos10.png; sourceTree = "<group>"; };
		16FFD7BC1F1D7A6C00B4B2C3 /* topos11.png */ = {isa = PBXFileReference; lastKnownFileType = image.png; path = topos11.png; sourceTree = "<group>"; };
		16FFD7BD1F1D7A6C00B4B2C3 /* topos12.png */ = {isa = PBXFileReference; lastKnownFileType = image.png; path = topos12.png; sourceTree = "<group>"; };
		16FFD7BE1F1D7A6C00B4B2C3 /* topos13.png */ = {isa = PBXFileReference; lastKnownFileType = image.png; path = topos13.png; sourceTree = "<group>"; };
		16FFD7BF1F1D7A6C00B4B2C3 /* topos14.png */ = {isa = PBXFileReference; lastKnownFileType = image.png; path = topos14.png; sourceTree = "<group>"; };
		16FFD7C01F1D7A6C00B4B2C3 /* topos15.png */ = {isa = PBXFileReference; lastKnownFileType = image.png; path = topos15.png; sourceTree = "<group>"; };
		16FFD7C11F1D7A6C00B4B2C3 /* topos16.png */ = {isa = PBXFileReference; lastKnownFileType = image.png; path = topos16.png; sourceTree = "<group>"; };
		16FFD7C21F1D7A6C00B4B2C3 /* topos17.png */ = {isa = PBXFileReference; lastKnownFileType = image.png; path = topos17.png; sourceTree = "<group>"; };
		16FFD7C31F1D7A6C00B4B2C3 /* topos18.png */ = {isa = PBXFileReference; lastKnownFileType = image.png; path = topos18.png; sourceTree = "<group>"; };
		16FFD7C41F1D7A6C00B4B2C3 /* topos19.png */ = {isa = PBXFileReference; lastKnownFileType = image.png; path = topos19.png; sourceTree = "<group>"; };
		17496829FF09058168DC82A8 /* Pods-Topos.release.xcconfig */ = {isa = PBXFileReference; includeInIndex = 1; lastKnownFileType = text.xcconfig; name = "Pods-Topos.release.xcconfig"; path = "Pods/Target Support Files/Pods-Topos/Pods-Topos.release.xcconfig"; sourceTree = "<group>"; };
		2662A8CDC72B3C983ECF85A3 /* Pods_Topos.framework */ = {isa = PBXFileReference; explicitFileType = wrapper.framework; includeInIndex = 0; path = Pods_Topos.framework; sourceTree = BUILT_PRODUCTS_DIR; };
		5762CC9574420B77C63DFB3A /* Pods_ToposTests.framework */ = {isa = PBXFileReference; explicitFileType = wrapper.framework; includeInIndex = 0; path = Pods_ToposTests.framework; sourceTree = BUILT_PRODUCTS_DIR; };
		7942D4813709BAA01003A004 /* Pods-ToposUITests.debug.xcconfig */ = {isa = PBXFileReference; includeInIndex = 1; lastKnownFileType = text.xcconfig; name = "Pods-ToposUITests.debug.xcconfig"; path = "Pods/Target Support Files/Pods-ToposUITests/Pods-ToposUITests.debug.xcconfig"; sourceTree = "<group>"; };
		D1EBEB92471C41608B013373 /* Pods-ToposTests.release.xcconfig */ = {isa = PBXFileReference; includeInIndex = 1; lastKnownFileType = text.xcconfig; name = "Pods-ToposTests.release.xcconfig"; path = "Pods/Target Support Files/Pods-ToposTests/Pods-ToposTests.release.xcconfig"; sourceTree = "<group>"; };
/* End PBXFileReference section */

/* Begin PBXFrameworksBuildPhase section */
		16EA3D241EDD971700B30D72 /* Frameworks */ = {
			isa = PBXFrameworksBuildPhase;
			buildActionMask = 2147483647;
			files = (
				FF6DEC4EB6E2846A3C726354 /* Pods_Topos.framework in Frameworks */,
			);
			runOnlyForDeploymentPostprocessing = 0;
		};
		16EA3D3B1EDD971800B30D72 /* Frameworks */ = {
			isa = PBXFrameworksBuildPhase;
			buildActionMask = 2147483647;
			files = (
				CD94E1C1E18A562C64F27470 /* Pods_ToposTests.framework in Frameworks */,
			);
			runOnlyForDeploymentPostprocessing = 0;
		};
		16EA3D461EDD971800B30D72 /* Frameworks */ = {
			isa = PBXFrameworksBuildPhase;
			buildActionMask = 2147483647;
			files = (
				C401907662A20D37A2552CF0 /* Pods_ToposUITests.framework in Frameworks */,
			);
			runOnlyForDeploymentPostprocessing = 0;
		};
/* End PBXFrameworksBuildPhase section */

/* Begin PBXGroup section */
		163BB7AF1F06C93E00ECA352 /* clases */ = {
			isa = PBXGroup;
			children = (
				161D21521F0345650098ADA3 /* Pagina.swift */,
				163BB7B01F06C95400ECA352 /* Libro.swift */,
			);
			name = clases;
			sourceTree = "<group>";
		};
		165A0C4A1EE71B22000A6788 /* sonidos */ = {
			isa = PBXGroup;
			children = (
				16193BBA1F2652FD003B2C09 /* TA1.wav */,
				16193BBB1F2652FD003B2C09 /* TA2.wav */,
				16193BBC1F2652FD003B2C09 /* TA3.wav */,
				16193BBD1F2652FD003B2C09 /* TA4.wav */,
				16193BBE1F2652FD003B2C09 /* TA5.wav */,
				16193BBF1F2652FD003B2C09 /* TA6.wav */,
				16193BC01F2652FD003B2C09 /* TA7.wav */,
				16193BC11F2652FD003B2C09 /* TA8.wav */,
			);
			name = sonidos;
			sourceTree = "<group>";
		};
		167678961EE4E1B000EED638 /* storyboard */ = {
			isa = PBXGroup;
			children = (
				169346221F08669E00BAE79D /* Biblioteca.storyboard */,
				16AF17251EE0F838008A9B17 /* GaleriaFondos.storyboard */,
				16BC26F61EE49CCF009C2688 /* GaleriaMusica.storyboard */,
				16E8E1691F0896D000DE1255 /* GaleriaTapas.storyboard */,
				16BC26BF1EE36A52009C2688 /* GaleriaTopos.storyboard */,
				167678921EE4D2F900EED638 /* GrabarAudio.storyboard */,
				160F45471EE4E9A400980DEB /* Pelicula.storyboard */,
				16EA3D361EDD971700B30D72 /* LaunchScreen.storyboard */,
				16BC26EC1EE459DF009C2688 /* Seleccion.storyboard */,
				16BCBEB21F06BDF0001DDC07 /* Tapa.storyboard */,
				16CB0A7D1F1C55430076F381 /* Compartir.storyboard */,
				16FCC9E91F228D7000DAFA5E /* Libreria.storyboard */,
				16EA07501F7AC4270005C816 /* TextoAImagenViewController.storyboard */,
			);
			name = storyboard;
			sourceTree = "<group>";
		};
		167678971EE4E1D000EED638 /* controller */ = {
			isa = PBXGroup;
			children = (
				16EA074D1F7AC2A30005C816 /* TextoAImagenViewController.swift */,
				16EA3D2A1EDD971700B30D72 /* AppDelegate.swift */,
				169346241F0866B600BAE79D /* BibliotecaViewController.swift */,
				16CB0A8A1F1C55CB0076F381 /* CompartirViewController.swift */,
				16BC26F01EE45D02009C2688 /* GaleriaFondosViewController.swift */,
				16BC26F41EE49CB0009C2688 /* GaleriaMusicaViewController.swift */,
				16E8E16F1F08987000DE1255 /* GaleriaTapasViewController.swift */,
				16BC26F21EE49A81009C2688 /* GaleriaToposViewController.swift */,
				167678941EE4D31100EED638 /* GrabarAudioViewController.swift */,
				16FCC9EB1F22941100DAFA5E /* LibreriaViewController.swift */,
				160F45451EE4E99500980DEB /* PeliculaViewController.swift */,
				16BC26EE1EE45B6F009C2688 /* SeleccionViewController.swift */,
				16BCBEB41F06BE08001DDC07 /* TapaViewController.swift */,
				16CB0A8B1F1C55CB0076F381 /* TimeLapseBuilder.swift */,
			);
			name = controller;
			sourceTree = "<group>";
		};
		16AC4A581EF18251004011F5 /* Cell */ = {
			isa = PBXGroup;
			children = (
				16E8E1671F088A6600DE1255 /* BibliotecaCollectionViewCell.swift */,
				16AF17291EE0F8BA008A9B17 /* GaleriaFondosCollectionViewCell.swift */,
				16BC26F81EE49D85009C2688 /* GaleriaMusicaCollectionViewCell.swift */,
				16E8E16B1F0896EE00DE1255 /* GaleriaTapasCollectionViewCell.swift */,
				16BC26C11EE36A6E009C2688 /* GaleriaToposCollectionViewCell.swift */,
				1675095D1EF1B73300651818 /* SeleccionCollectionViewCell.swift */,
			);
			name = Cell;
			sourceTree = "<group>";
		};
		16AF16EB1EE07B27008A9B17 /* imagenes */ = {
			isa = PBXGroup;
			children = (
				16FFD7411F1D781900B4B2C3 /* topos */,
				16FFD7401F1D77FE00B4B2C3 /* fondo */,
				16981A2D1F3AB224006CEDAA /* edicion05_agregar_pg.png */,
				16F256F11F75387F0010420A /* fondocuentos.png */,
				16981A2E1F3AB224006CEDAA /* edicion05_borrar_pg.png */,
				16981A2F1F3AB224006CEDAA /* edicion05_cerrar_libro.png */,
				16981A301F3AB224006CEDAA /* edicion05_flecha_der.png */,
				16981A311F3AB224006CEDAA /* edicion05_flecha_izq.png */,
				16981A321F3AB224006CEDAA /* edicion05_fondo.png */,
				16981A331F3AB224006CEDAA /* edicion05_fondos.png */,
				16981A341F3AB224006CEDAA /* edicion05_musica.png */,
				16981A351F3AB224006CEDAA /* edicion05_personajes.png */,
				16981A361F3AB224006CEDAA /* edicion05_play.png */,
				16981A371F3AB224006CEDAA /* edicion05_salir.png */,
				16981A381F3AB224006CEDAA /* edicion05_voz.png */,
				16AF17021EE09395008A9B17 /* GaleriaMusica.jpeg */,
				16F256F21F7539A20010420A /* fondoPantalla0.png */,
				16F256F31F753E690010420A /* fondomiscuentos.png */,
			);
			name = imagenes;
			sourceTree = "<group>";
		};
		16CB0A7F1F1C559D0076F381 /* assests */ = {
			isa = PBXGroup;
			children = (
				165A0C4A1EE71B22000A6788 /* sonidos */,
				16AF16EB1EE07B27008A9B17 /* imagenes */,
			);
			name = assests;
			sourceTree = "<group>";
		};
		16EA3D1E1EDD971700B30D72 = {
			isa = PBXGroup;
			children = (
				16EA3D291EDD971700B30D72 /* Topos */,
				16EA3D411EDD971800B30D72 /* ToposTests */,
				16EA3D4C1EDD971800B30D72 /* ToposUITests */,
				16EA3D281EDD971700B30D72 /* Products */,
				370FD09335035C513B9646E0 /* Pods */,
				DB2789471311FC0CF438E546 /* Frameworks */,
			);
			sourceTree = "<group>";
		};
		16EA3D281EDD971700B30D72 /* Products */ = {
			isa = PBXGroup;
			children = (
				16EA3D271EDD971700B30D72 /* Topos.app */,
				16EA3D3E1EDD971800B30D72 /* ToposTests.xctest */,
				16EA3D491EDD971800B30D72 /* ToposUITests.xctest */,
			);
			name = Products;
			sourceTree = "<group>";
		};
		16EA3D291EDD971700B30D72 /* Topos */ = {
			isa = PBXGroup;
			children = (
				16CB0A7F1F1C559D0076F381 /* assests */,
				16AC4A581EF18251004011F5 /* Cell */,
				163BB7AF1F06C93E00ECA352 /* clases */,
				167678961EE4E1B000EED638 /* storyboard */,
				167678971EE4E1D000EED638 /* controller */,
				16EA3D341EDD971700B30D72 /* Assets.xcassets */,
				16EA3D391EDD971700B30D72 /* Info.plist */,
				16EA3D311EDD971700B30D72 /* Topos.xcdatamodeld */,
				163FCC9C1F7C0520007337E2 /* GoogleService-Info.plist */,
			);
			path = Topos;
			sourceTree = "<group>";
		};
		16EA3D411EDD971800B30D72 /* ToposTests */ = {
			isa = PBXGroup;
			children = (
				16EA3D421EDD971800B30D72 /* ToposTests.swift */,
				16EA3D441EDD971800B30D72 /* Info.plist */,
			);
			path = ToposTests;
			sourceTree = "<group>";
		};
		16EA3D4C1EDD971800B30D72 /* ToposUITests */ = {
			isa = PBXGroup;
			children = (
				16EA3D4D1EDD971800B30D72 /* ToposUITests.swift */,
				16EA3D4F1EDD971800B30D72 /* Info.plist */,
			);
			path = ToposUITests;
			sourceTree = "<group>";
		};
		16FFD7401F1D77FE00B4B2C3 /* fondo */ = {
			isa = PBXGroup;
			children = (
				16FFD79C1F1D7A6100B4B2C3 /* fondo0.png */,
				16FFD79D1F1D7A6100B4B2C3 /* fondo1.jpg */,
				16FFD79E1F1D7A6100B4B2C3 /* fondo2.jpg */,
				16FFD79F1F1D7A6100B4B2C3 /* fondo3.jpg */,
				16FFD7A01F1D7A6100B4B2C3 /* fondo4.jpg */,
				16FFD7A11F1D7A6100B4B2C3 /* fondo5.jpg */,
				16FFD7A21F1D7A6100B4B2C3 /* fondo6.jpg */,
				16FFD7A31F1D7A6100B4B2C3 /* fondo7.jpg */,
				16FFD7A41F1D7A6100B4B2C3 /* fondo8.jpg */,
				16FFD7A51F1D7A6100B4B2C3 /* fondo9.jpg */,
				16FFD7A61F1D7A6100B4B2C3 /* fondo10.jpg */,
			);
			name = fondo;
			sourceTree = "<group>";
		};
		16FFD7411F1D781900B4B2C3 /* topos */ = {
			isa = PBXGroup;
			children = (
				1672660D1F4A886800D154AA /* topos0.png */,
				16FFD7B21F1D7A6C00B4B2C3 /* topos1.png */,
				16FFD7B31F1D7A6C00B4B2C3 /* topos2.png */,
				16FFD7B41F1D7A6C00B4B2C3 /* topos3.png */,
				16FFD7B51F1D7A6C00B4B2C3 /* topos4.png */,
				16FFD7B61F1D7A6C00B4B2C3 /* topos5.png */,
				16FFD7B71F1D7A6C00B4B2C3 /* topos6.png */,
				16FFD7B81F1D7A6C00B4B2C3 /* topos7.png */,
				16FFD7B91F1D7A6C00B4B2C3 /* topos8.png */,
				16FFD7BA1F1D7A6C00B4B2C3 /* topos9.png */,
				16FFD7BB1F1D7A6C00B4B2C3 /* topos10.png */,
				16FFD7BC1F1D7A6C00B4B2C3 /* topos11.png */,
				16FFD7BD1F1D7A6C00B4B2C3 /* topos12.png */,
				16FFD7BE1F1D7A6C00B4B2C3 /* topos13.png */,
				16FFD7BF1F1D7A6C00B4B2C3 /* topos14.png */,
				16FFD7C01F1D7A6C00B4B2C3 /* topos15.png */,
				16FFD7C11F1D7A6C00B4B2C3 /* topos16.png */,
				16FFD7C21F1D7A6C00B4B2C3 /* topos17.png */,
				16FFD7C31F1D7A6C00B4B2C3 /* topos18.png */,
				16FFD7C41F1D7A6C00B4B2C3 /* topos19.png */,
			);
			name = topos;
			sourceTree = "<group>";
		};
		370FD09335035C513B9646E0 /* Pods */ = {
			isa = PBXGroup;
			children = (
				004AD28EA184FB5FCF16C814 /* Pods-Topos.debug.xcconfig */,
				17496829FF09058168DC82A8 /* Pods-Topos.release.xcconfig */,
				0A638369653C76C1B1A5257E /* Pods-ToposTests.debug.xcconfig */,
				D1EBEB92471C41608B013373 /* Pods-ToposTests.release.xcconfig */,
				7942D4813709BAA01003A004 /* Pods-ToposUITests.debug.xcconfig */,
				006FAFFEB787FCC8DE8BBE18 /* Pods-ToposUITests.release.xcconfig */,
			);
			name = Pods;
			sourceTree = "<group>";
		};
		DB2789471311FC0CF438E546 /* Frameworks */ = {
			isa = PBXGroup;
			children = (
				2662A8CDC72B3C983ECF85A3 /* Pods_Topos.framework */,
				5762CC9574420B77C63DFB3A /* Pods_ToposTests.framework */,
				02A4A2B8BBDDA8CD7924CA2E /* Pods_ToposUITests.framework */,
			);
			name = Frameworks;
			sourceTree = "<group>";
		};
/* End PBXGroup section */

/* Begin PBXNativeTarget section */
		16EA3D261EDD971700B30D72 /* Topos */ = {
			isa = PBXNativeTarget;
			buildConfigurationList = 16EA3D521EDD971800B30D72 /* Build configuration list for PBXNativeTarget "Topos" */;
			buildPhases = (
				3C4E1D43859ABC8B4A7C7C10 /* [CP] Check Pods Manifest.lock */,
				16EA3D231EDD971700B30D72 /* Sources */,
				16EA3D241EDD971700B30D72 /* Frameworks */,
				16EA3D251EDD971700B30D72 /* Resources */,
				7A947492E4BA15DD8AF8962B /* [CP] Embed Pods Frameworks */,
				4B1D02F3CBEC1FBDB88FA72F /* [CP] Copy Pods Resources */,
			);
			buildRules = (
			);
			dependencies = (
			);
			name = Topos;
			productName = Topos;
			productReference = 16EA3D271EDD971700B30D72 /* Topos.app */;
			productType = "com.apple.product-type.application";
		};
		16EA3D3D1EDD971800B30D72 /* ToposTests */ = {
			isa = PBXNativeTarget;
			buildConfigurationList = 16EA3D551EDD971800B30D72 /* Build configuration list for PBXNativeTarget "ToposTests" */;
			buildPhases = (
				D31B336AD96572A3931093E7 /* [CP] Check Pods Manifest.lock */,
				16EA3D3A1EDD971800B30D72 /* Sources */,
				16EA3D3B1EDD971800B30D72 /* Frameworks */,
				16EA3D3C1EDD971800B30D72 /* Resources */,
				3C5A66D11BDB7F35956E35F0 /* [CP] Embed Pods Frameworks */,
				F00977219C9A67447521420A /* [CP] Copy Pods Resources */,
			);
			buildRules = (
			);
			dependencies = (
				16EA3D401EDD971800B30D72 /* PBXTargetDependency */,
			);
			name = ToposTests;
			productName = ToposTests;
			productReference = 16EA3D3E1EDD971800B30D72 /* ToposTests.xctest */;
			productType = "com.apple.product-type.bundle.unit-test";
		};
		16EA3D481EDD971800B30D72 /* ToposUITests */ = {
			isa = PBXNativeTarget;
			buildConfigurationList = 16EA3D581EDD971800B30D72 /* Build configuration list for PBXNativeTarget "ToposUITests" */;
			buildPhases = (
				ADD77D3FE84A6B9DED5BDFEC /* [CP] Check Pods Manifest.lock */,
				16EA3D451EDD971800B30D72 /* Sources */,
				16EA3D461EDD971800B30D72 /* Frameworks */,
				16EA3D471EDD971800B30D72 /* Resources */,
				9DF8C30474A3A9B0BE7BA857 /* [CP] Embed Pods Frameworks */,
				7C2FC7EF8A4F710977E4C98C /* [CP] Copy Pods Resources */,
			);
			buildRules = (
			);
			dependencies = (
				16EA3D4B1EDD971800B30D72 /* PBXTargetDependency */,
			);
			name = ToposUITests;
			productName = ToposUITests;
			productReference = 16EA3D491EDD971800B30D72 /* ToposUITests.xctest */;
			productType = "com.apple.product-type.bundle.ui-testing";
		};
/* End PBXNativeTarget section */

/* Begin PBXProject section */
		16EA3D1F1EDD971700B30D72 /* Project object */ = {
			isa = PBXProject;
			attributes = {
				LastSwiftUpdateCheck = 0830;
				LastUpgradeCheck = 0900;
				ORGANIZATIONNAME = "Matias Blum";
				TargetAttributes = {
					16EA3D261EDD971700B30D72 = {
						CreatedOnToolsVersion = 8.3.2;
						DevelopmentTeam = 82M5R9Y24F;
						LastSwiftMigration = 0900;
						ProvisioningStyle = Automatic;
					};
					16EA3D3D1EDD971800B30D72 = {
						CreatedOnToolsVersion = 8.3.2;
						DevelopmentTeam = 82M5R9Y24F;
						LastSwiftMigration = 0900;
						ProvisioningStyle = Automatic;
						TestTargetID = 16EA3D261EDD971700B30D72;
					};
					16EA3D481EDD971800B30D72 = {
						CreatedOnToolsVersion = 8.3.2;
						DevelopmentTeam = 82M5R9Y24F;
						LastSwiftMigration = 0900;
						ProvisioningStyle = Automatic;
						TestTargetID = 16EA3D261EDD971700B30D72;
					};
				};
			};
			buildConfigurationList = 16EA3D221EDD971700B30D72 /* Build configuration list for PBXProject "Topos" */;
			compatibilityVersion = "Xcode 3.2";
			developmentRegion = English;
			hasScannedForEncodings = 0;
			knownRegions = (
				en,
				Base,
			);
			mainGroup = 16EA3D1E1EDD971700B30D72;
			productRefGroup = 16EA3D281EDD971700B30D72 /* Products */;
			projectDirPath = "";
			projectRoot = "";
			targets = (
				16EA3D261EDD971700B30D72 /* Topos */,
				16EA3D3D1EDD971800B30D72 /* ToposTests */,
				16EA3D481EDD971800B30D72 /* ToposUITests */,
			);
		};
/* End PBXProject section */

/* Begin PBXResourcesBuildPhase section */
		16EA3D251EDD971700B30D72 /* Resources */ = {
			isa = PBXResourcesBuildPhase;
			buildActionMask = 2147483647;
			files = (
				16FFD7CA1F1D7A6C00B4B2C3 /* topos6.png in Resources */,
				16CB0A7E1F1C55430076F381 /* Compartir.storyboard in Resources */,
				16193BC41F2652FD003B2C09 /* TA3.wav in Resources */,
				16BC26C01EE36A52009C2688 /* GaleriaTopos.storyboard in Resources */,
				16FFD7CC1F1D7A6C00B4B2C3 /* topos8.png in Resources */,
				16FCC9EA1F228D7000DAFA5E /* Libreria.storyboard in Resources */,
				16FFD7C51F1D7A6C00B4B2C3 /* topos1.png in Resources */,
				16FFD7C91F1D7A6C00B4B2C3 /* topos5.png in Resources */,
				16E8E16A1F0896D000DE1255 /* GaleriaTapas.storyboard in Resources */,
				16FFD7D31F1D7A6C00B4B2C3 /* topos15.png in Resources */,
				160F45481EE4E9A400980DEB /* Pelicula.storyboard in Resources */,
				16FFD7AA1F1D7A6100B4B2C3 /* fondo3.jpg in Resources */,
				16FFD7C71F1D7A6C00B4B2C3 /* topos3.png in Resources */,
				16FFD7C81F1D7A6C00B4B2C3 /* topos4.png in Resources */,
				16FFD7AB1F1D7A6100B4B2C3 /* fondo4.jpg in Resources */,
				16FFD7D01F1D7A6C00B4B2C3 /* topos12.png in Resources */,
				16BCBEB31F06BDF0001DDC07 /* Tapa.storyboard in Resources */,
				16FFD7D21F1D7A6C00B4B2C3 /* topos14.png in Resources */,
				16981A401F3AB224006CEDAA /* edicion05_musica.png in Resources */,
				16193BC91F2652FD003B2C09 /* TA8.wav in Resources */,
				16FFD7D11F1D7A6C00B4B2C3 /* topos13.png in Resources */,
				16FFD7B11F1D7A6100B4B2C3 /* fondo10.jpg in Resources */,
				16981A3C1F3AB224006CEDAA /* edicion05_flecha_der.png in Resources */,
				16FFD7D51F1D7A6C00B4B2C3 /* topos17.png in Resources */,
				16FFD7CE1F1D7A6C00B4B2C3 /* topos10.png in Resources */,
				1672660E1F4A886800D154AA /* topos0.png in Resources */,
				16FFD7CB1F1D7A6C00B4B2C3 /* topos7.png in Resources */,
				16EA07511F7AC4270005C816 /* TextoAImagenViewController.storyboard in Resources */,
				16981A3D1F3AB224006CEDAA /* edicion05_flecha_izq.png in Resources */,
				16FFD7CF1F1D7A6C00B4B2C3 /* topos11.png in Resources */,
				16FFD7A71F1D7A6100B4B2C3 /* fondo0.png in Resources */,
				16FFD7C61F1D7A6C00B4B2C3 /* topos2.png in Resources */,
				16AF17031EE09395008A9B17 /* GaleriaMusica.jpeg in Resources */,
				16981A431F3AB224006CEDAA /* edicion05_salir.png in Resources */,
				16981A3F1F3AB224006CEDAA /* edicion05_fondos.png in Resources */,
				16981A411F3AB224006CEDAA /* edicion05_personajes.png in Resources */,
				16FFD7AC1F1D7A6100B4B2C3 /* fondo5.jpg in Resources */,
				16981A3A1F3AB224006CEDAA /* edicion05_borrar_pg.png in Resources */,
				16FFD7A81F1D7A6100B4B2C3 /* fondo1.jpg in Resources */,
				16FFD7AD1F1D7A6100B4B2C3 /* fondo6.jpg in Resources */,
				16FFD7D71F1D7A6C00B4B2C3 /* topos19.png in Resources */,
				16981A3E1F3AB224006CEDAA /* edicion05_fondo.png in Resources */,
				16FFD7D61F1D7A6C00B4B2C3 /* topos18.png in Resources */,
				16FFD7B01F1D7A6100B4B2C3 /* fondo9.jpg in Resources */,
				16BC26ED1EE459DF009C2688 /* Seleccion.storyboard in Resources */,
				16EA3D381EDD971700B30D72 /* LaunchScreen.storyboard in Resources */,
				16193BC81F2652FD003B2C09 /* TA7.wav in Resources */,
				167678931EE4D2F900EED638 /* GrabarAudio.storyboard in Resources */,
				169346231F08669E00BAE79D /* Biblioteca.storyboard in Resources */,
				16193BC51F2652FD003B2C09 /* TA4.wav in Resources */,
				16EA3D351EDD971700B30D72 /* Assets.xcassets in Resources */,
				16981A421F3AB224006CEDAA /* edicion05_play.png in Resources */,
				16193BC71F2652FD003B2C09 /* TA6.wav in Resources */,
				16FFD7D41F1D7A6C00B4B2C3 /* topos16.png in Resources */,
				16981A441F3AB224006CEDAA /* edicion05_voz.png in Resources */,
				16FFD7AF1F1D7A6100B4B2C3 /* fondo8.jpg in Resources */,
				16FFD7AE1F1D7A6100B4B2C3 /* fondo7.jpg in Resources */,
				16AF17261EE0F838008A9B17 /* GaleriaFondos.storyboard in Resources */,
				16981A3B1F3AB224006CEDAA /* edicion05_cerrar_libro.png in Resources */,
				16981A391F3AB224006CEDAA /* edicion05_agregar_pg.png in Resources */,
				16193BC21F2652FD003B2C09 /* TA1.wav in Resources */,
				16BC26F71EE49CCF009C2688 /* GaleriaMusica.storyboard in Resources */,
				16FFD7A91F1D7A6100B4B2C3 /* fondo2.jpg in Resources */,
				16193BC61F2652FD003B2C09 /* TA5.wav in Resources */,
				16FFD7CD1F1D7A6C00B4B2C3 /* topos9.png in Resources */,
				16193BC31F2652FD003B2C09 /* TA2.wav in Resources */,
			);
			runOnlyForDeploymentPostprocessing = 0;
		};
		16EA3D3C1EDD971800B30D72 /* Resources */ = {
			isa = PBXResourcesBuildPhase;
			buildActionMask = 2147483647;
			files = (
			);
			runOnlyForDeploymentPostprocessing = 0;
		};
		16EA3D471EDD971800B30D72 /* Resources */ = {
			isa = PBXResourcesBuildPhase;
			buildActionMask = 2147483647;
			files = (
			);
			runOnlyForDeploymentPostprocessing = 0;
		};
/* End PBXResourcesBuildPhase section */

/* Begin PBXShellScriptBuildPhase section */
		3C4E1D43859ABC8B4A7C7C10 /* [CP] Check Pods Manifest.lock */ = {
			isa = PBXShellScriptBuildPhase;
			buildActionMask = 2147483647;
			files = (
			);
			inputPaths = (
			);
			name = "[CP] Check Pods Manifest.lock";
			outputPaths = (
			);
			runOnlyForDeploymentPostprocessing = 0;
			shellPath = /bin/sh;
			shellScript = "diff \"${PODS_ROOT}/../Podfile.lock\" \"${PODS_ROOT}/Manifest.lock\" > /dev/null\nif [ $? != 0 ] ; then\n    # print error to STDERR\n    echo \"error: The sandbox is not in sync with the Podfile.lock. Run 'pod install' or update your CocoaPods installation.\" >&2\n    exit 1\nfi\n";
			showEnvVarsInLog = 0;
		};
		3C5A66D11BDB7F35956E35F0 /* [CP] Embed Pods Frameworks */ = {
			isa = PBXShellScriptBuildPhase;
			buildActionMask = 2147483647;
			files = (
			);
			inputPaths = (
			);
			name = "[CP] Embed Pods Frameworks";
			outputPaths = (
			);
			runOnlyForDeploymentPostprocessing = 0;
			shellPath = /bin/sh;
			shellScript = "\"${SRCROOT}/Pods/Target Support Files/Pods-ToposTests/Pods-ToposTests-frameworks.sh\"\n";
			showEnvVarsInLog = 0;
		};
		4B1D02F3CBEC1FBDB88FA72F /* [CP] Copy Pods Resources */ = {
			isa = PBXShellScriptBuildPhase;
			buildActionMask = 2147483647;
			files = (
			);
			inputPaths = (
			);
			name = "[CP] Copy Pods Resources";
			outputPaths = (
			);
			runOnlyForDeploymentPostprocessing = 0;
			shellPath = /bin/sh;
			shellScript = "\"${SRCROOT}/Pods/Target Support Files/Pods-Topos/Pods-Topos-resources.sh\"\n";
			showEnvVarsInLog = 0;
		};
		7A947492E4BA15DD8AF8962B /* [CP] Embed Pods Frameworks */ = {
			isa = PBXShellScriptBuildPhase;
			buildActionMask = 2147483647;
			files = (
			);
			inputPaths = (
			);
			name = "[CP] Embed Pods Frameworks";
			outputPaths = (
			);
			runOnlyForDeploymentPostprocessing = 0;
			shellPath = /bin/sh;
			shellScript = "\"${SRCROOT}/Pods/Target Support Files/Pods-Topos/Pods-Topos-frameworks.sh\"\n";
			showEnvVarsInLog = 0;
		};
		7C2FC7EF8A4F710977E4C98C /* [CP] Copy Pods Resources */ = {
			isa = PBXShellScriptBuildPhase;
			buildActionMask = 2147483647;
			files = (
			);
			inputPaths = (
			);
			name = "[CP] Copy Pods Resources";
			outputPaths = (
			);
			runOnlyForDeploymentPostprocessing = 0;
			shellPath = /bin/sh;
			shellScript = "\"${SRCROOT}/Pods/Target Support Files/Pods-ToposUITests/Pods-ToposUITests-resources.sh\"\n";
			showEnvVarsInLog = 0;
		};
		9DF8C30474A3A9B0BE7BA857 /* [CP] Embed Pods Frameworks */ = {
			isa = PBXShellScriptBuildPhase;
			buildActionMask = 2147483647;
			files = (
			);
			inputPaths = (
			);
			name = "[CP] Embed Pods Frameworks";
			outputPaths = (
			);
			runOnlyForDeploymentPostprocessing = 0;
			shellPath = /bin/sh;
			shellScript = "\"${SRCROOT}/Pods/Target Support Files/Pods-ToposUITests/Pods-ToposUITests-frameworks.sh\"\n";
			showEnvVarsInLog = 0;
		};
		ADD77D3FE84A6B9DED5BDFEC /* [CP] Check Pods Manifest.lock */ = {
			isa = PBXShellScriptBuildPhase;
			buildActionMask = 2147483647;
			files = (
			);
			inputPaths = (
			);
			name = "[CP] Check Pods Manifest.lock";
			outputPaths = (
			);
			runOnlyForDeploymentPostprocessing = 0;
			shellPath = /bin/sh;
			shellScript = "diff \"${PODS_ROOT}/../Podfile.lock\" \"${PODS_ROOT}/Manifest.lock\" > /dev/null\nif [ $? != 0 ] ; then\n    # print error to STDERR\n    echo \"error: The sandbox is not in sync with the Podfile.lock. Run 'pod install' or update your CocoaPods installation.\" >&2\n    exit 1\nfi\n";
			showEnvVarsInLog = 0;
		};
		D31B336AD96572A3931093E7 /* [CP] Check Pods Manifest.lock */ = {
			isa = PBXShellScriptBuildPhase;
			buildActionMask = 2147483647;
			files = (
			);
			inputPaths = (
			);
			name = "[CP] Check Pods Manifest.lock";
			outputPaths = (
			);
			runOnlyForDeploymentPostprocessing = 0;
			shellPath = /bin/sh;
			shellScript = "diff \"${PODS_ROOT}/../Podfile.lock\" \"${PODS_ROOT}/Manifest.lock\" > /dev/null\nif [ $? != 0 ] ; then\n    # print error to STDERR\n    echo \"error: The sandbox is not in sync with the Podfile.lock. Run 'pod install' or update your CocoaPods installation.\" >&2\n    exit 1\nfi\n";
			showEnvVarsInLog = 0;
		};
		F00977219C9A67447521420A /* [CP] Copy Pods Resources */ = {
			isa = PBXShellScriptBuildPhase;
			buildActionMask = 2147483647;
			files = (
			);
			inputPaths = (
			);
			name = "[CP] Copy Pods Resources";
			outputPaths = (
			);
			runOnlyForDeploymentPostprocessing = 0;
			shellPath = /bin/sh;
			shellScript = "\"${SRCROOT}/Pods/Target Support Files/Pods-ToposTests/Pods-ToposTests-resources.sh\"\n";
			showEnvVarsInLog = 0;
		};
/* End PBXShellScriptBuildPhase section */

/* Begin PBXSourcesBuildPhase section */
		16EA3D231EDD971700B30D72 /* Sources */ = {
			isa = PBXSourcesBuildPhase;
			buildActionMask = 2147483647;
			files = (
				1675095E1EF1B73300651818 /* SeleccionCollectionViewCell.swift in Sources */,
				161D21531F0345650098ADA3 /* Pagina.swift in Sources */,
				163BB7B11F06C95400ECA352 /* Libro.swift in Sources */,
				16BC26F91EE49D85009C2688 /* GaleriaMusicaCollectionViewCell.swift in Sources */,
				169346251F0866B600BAE79D /* BibliotecaViewController.swift in Sources */,
				160F45461EE4E99500980DEB /* PeliculaViewController.swift in Sources */,
				16FCC9EC1F22941100DAFA5E /* LibreriaViewController.swift in Sources */,
				167678951EE4D31100EED638 /* GrabarAudioViewController.swift in Sources */,
				16EA074E1F7AC2A30005C816 /* TextoAImagenViewController.swift in Sources */,
				16BC26F11EE45D02009C2688 /* GaleriaFondosViewController.swift in Sources */,
				16EA3D331EDD971700B30D72 /* Topos.xcdatamodeld in Sources */,
				16CB0A8D1F1C55CB0076F381 /* CompartirViewController.swift in Sources */,
				16BC26F51EE49CB0009C2688 /* GaleriaMusicaViewController.swift in Sources */,
				16E8E16C1F0896EE00DE1255 /* GaleriaTapasCollectionViewCell.swift in Sources */,
				16EA3D2B1EDD971700B30D72 /* AppDelegate.swift in Sources */,
				16E8E1701F08987000DE1255 /* GaleriaTapasViewController.swift in Sources */,
				16BC26EF1EE45B6F009C2688 /* SeleccionViewController.swift in Sources */,
				16CB0A8E1F1C55CB0076F381 /* TimeLapseBuilder.swift in Sources */,
				16BCBEB51F06BE08001DDC07 /* TapaViewController.swift in Sources */,
				16BC26F31EE49A81009C2688 /* GaleriaToposViewController.swift in Sources */,
				16E8E1681F088A6600DE1255 /* BibliotecaCollectionViewCell.swift in Sources */,
				16BC26C21EE36A6E009C2688 /* GaleriaToposCollectionViewCell.swift in Sources */,
				16AF172A1EE0F8BA008A9B17 /* GaleriaFondosCollectionViewCell.swift in Sources */,
			);
			runOnlyForDeploymentPostprocessing = 0;
		};
		16EA3D3A1EDD971800B30D72 /* Sources */ = {
			isa = PBXSourcesBuildPhase;
			buildActionMask = 2147483647;
			files = (
				16EA3D431EDD971800B30D72 /* ToposTests.swift in Sources */,
			);
			runOnlyForDeploymentPostprocessing = 0;
		};
		16EA3D451EDD971800B30D72 /* Sources */ = {
			isa = PBXSourcesBuildPhase;
			buildActionMask = 2147483647;
			files = (
				16EA3D4E1EDD971800B30D72 /* ToposUITests.swift in Sources */,
			);
			runOnlyForDeploymentPostprocessing = 0;
		};
/* End PBXSourcesBuildPhase section */

/* Begin PBXTargetDependency section */
		16EA3D401EDD971800B30D72 /* PBXTargetDependency */ = {
			isa = PBXTargetDependency;
			target = 16EA3D261EDD971700B30D72 /* Topos */;
			targetProxy = 16EA3D3F1EDD971800B30D72 /* PBXContainerItemProxy */;
		};
		16EA3D4B1EDD971800B30D72 /* PBXTargetDependency */ = {
			isa = PBXTargetDependency;
			target = 16EA3D261EDD971700B30D72 /* Topos */;
			targetProxy = 16EA3D4A1EDD971800B30D72 /* PBXContainerItemProxy */;
		};
/* End PBXTargetDependency section */

/* Begin PBXVariantGroup section */
		16EA3D361EDD971700B30D72 /* LaunchScreen.storyboard */ = {
			isa = PBXVariantGroup;
			children = (
				16EA3D371EDD971700B30D72 /* Base */,
			);
			name = LaunchScreen.storyboard;
			sourceTree = "<group>";
		};
/* End PBXVariantGroup section */

/* Begin XCBuildConfiguration section */
		16EA3D501EDD971800B30D72 /* Debug */ = {
			isa = XCBuildConfiguration;
			buildSettings = {
				ALWAYS_SEARCH_USER_PATHS = NO;
				CLANG_ANALYZER_NONNULL = YES;
				CLANG_ANALYZER_NUMBER_OBJECT_CONVERSION = YES_AGGRESSIVE;
				CLANG_CXX_LANGUAGE_STANDARD = "gnu++0x";
				CLANG_CXX_LIBRARY = "libc++";
				CLANG_ENABLE_MODULES = YES;
				CLANG_ENABLE_OBJC_ARC = YES;
				CLANG_WARN_BLOCK_CAPTURE_AUTORELEASING = YES;
				CLANG_WARN_BOOL_CONVERSION = YES;
				CLANG_WARN_COMMA = YES;
				CLANG_WARN_CONSTANT_CONVERSION = YES;
				CLANG_WARN_DIRECT_OBJC_ISA_USAGE = YES_ERROR;
				CLANG_WARN_DOCUMENTATION_COMMENTS = YES;
				CLANG_WARN_EMPTY_BODY = YES;
				CLANG_WARN_ENUM_CONVERSION = YES;
				CLANG_WARN_INFINITE_RECURSION = YES;
				CLANG_WARN_INT_CONVERSION = YES;
				CLANG_WARN_NON_LITERAL_NULL_CONVERSION = YES;
				CLANG_WARN_OBJC_LITERAL_CONVERSION = YES;
				CLANG_WARN_OBJC_ROOT_CLASS = YES_ERROR;
				CLANG_WARN_RANGE_LOOP_ANALYSIS = YES;
				CLANG_WARN_STRICT_PROTOTYPES = YES;
				CLANG_WARN_SUSPICIOUS_MOVE = YES;
				CLANG_WARN_UNREACHABLE_CODE = YES;
				CLANG_WARN__DUPLICATE_METHOD_MATCH = YES;
				CODE_SIGN_IDENTITY = "iPhone Distribution";
				"CODE_SIGN_IDENTITY[sdk=iphoneos*]" = "iPhone Distribution";
				COPY_PHASE_STRIP = NO;
				DEBUG_INFORMATION_FORMAT = dwarf;
				DEVELOPMENT_TEAM = 82M5R9Y24F;
				ENABLE_STRICT_OBJC_MSGSEND = YES;
				ENABLE_TESTABILITY = YES;
				GCC_C_LANGUAGE_STANDARD = gnu99;
				GCC_DYNAMIC_NO_PIC = NO;
				GCC_NO_COMMON_BLOCKS = YES;
				GCC_OPTIMIZATION_LEVEL = 0;
				GCC_PREPROCESSOR_DEFINITIONS = (
					"DEBUG=1",
					"$(inherited)",
				);
				GCC_WARN_64_TO_32_BIT_CONVERSION = YES;
				GCC_WARN_ABOUT_RETURN_TYPE = YES_ERROR;
				GCC_WARN_UNDECLARED_SELECTOR = YES;
				GCC_WARN_UNINITIALIZED_AUTOS = YES_AGGRESSIVE;
				GCC_WARN_UNUSED_FUNCTION = YES;
				GCC_WARN_UNUSED_VARIABLE = YES;
				IPHONEOS_DEPLOYMENT_TARGET = 10.3;
				MTL_ENABLE_DEBUG_INFO = YES;
				ONLY_ACTIVE_ARCH = YES;
				SDKROOT = iphoneos;
				SWIFT_ACTIVE_COMPILATION_CONDITIONS = DEBUG;
				SWIFT_OPTIMIZATION_LEVEL = "-Onone";
				TARGETED_DEVICE_FAMILY = "1,2";
			};
			name = Debug;
		};
		16EA3D511EDD971800B30D72 /* Release */ = {
			isa = XCBuildConfiguration;
			buildSettings = {
				ALWAYS_SEARCH_USER_PATHS = NO;
				CLANG_ANALYZER_NONNULL = YES;
				CLANG_ANALYZER_NUMBER_OBJECT_CONVERSION = YES_AGGRESSIVE;
				CLANG_CXX_LANGUAGE_STANDARD = "gnu++0x";
				CLANG_CXX_LIBRARY = "libc++";
				CLANG_ENABLE_MODULES = YES;
				CLANG_ENABLE_OBJC_ARC = YES;
				CLANG_WARN_BLOCK_CAPTURE_AUTORELEASING = YES;
				CLANG_WARN_BOOL_CONVERSION = YES;
				CLANG_WARN_COMMA = YES;
				CLANG_WARN_CONSTANT_CONVERSION = YES;
				CLANG_WARN_DIRECT_OBJC_ISA_USAGE = YES_ERROR;
				CLANG_WARN_DOCUMENTATION_COMMENTS = YES;
				CLANG_WARN_EMPTY_BODY = YES;
				CLANG_WARN_ENUM_CONVERSION = YES;
				CLANG_WARN_INFINITE_RECURSION = YES;
				CLANG_WARN_INT_CONVERSION = YES;
				CLANG_WARN_NON_LITERAL_NULL_CONVERSION = YES;
				CLANG_WARN_OBJC_LITERAL_CONVERSION = YES;
				CLANG_WARN_OBJC_ROOT_CLASS = YES_ERROR;
				CLANG_WARN_RANGE_LOOP_ANALYSIS = YES;
				CLANG_WARN_STRICT_PROTOTYPES = YES;
				CLANG_WARN_SUSPICIOUS_MOVE = YES;
				CLANG_WARN_UNREACHABLE_CODE = YES;
				CLANG_WARN__DUPLICATE_METHOD_MATCH = YES;
				CODE_SIGN_IDENTITY = "iPhone Distribution";
				"CODE_SIGN_IDENTITY[sdk=iphoneos*]" = "iPhone Distribution";
				COPY_PHASE_STRIP = NO;
				DEBUG_INFORMATION_FORMAT = "dwarf-with-dsym";
				DEVELOPMENT_TEAM = 82M5R9Y24F;
				ENABLE_NS_ASSERTIONS = NO;
				ENABLE_STRICT_OBJC_MSGSEND = YES;
				GCC_C_LANGUAGE_STANDARD = gnu99;
				GCC_NO_COMMON_BLOCKS = YES;
				GCC_WARN_64_TO_32_BIT_CONVERSION = YES;
				GCC_WARN_ABOUT_RETURN_TYPE = YES_ERROR;
				GCC_WARN_UNDECLARED_SELECTOR = YES;
				GCC_WARN_UNINITIALIZED_AUTOS = YES_AGGRESSIVE;
				GCC_WARN_UNUSED_FUNCTION = YES;
				GCC_WARN_UNUSED_VARIABLE = YES;
				IPHONEOS_DEPLOYMENT_TARGET = 10.3;
				MTL_ENABLE_DEBUG_INFO = NO;
				SDKROOT = iphoneos;
				SWIFT_OPTIMIZATION_LEVEL = "-Owholemodule";
				TARGETED_DEVICE_FAMILY = "1,2";
				VALIDATE_PRODUCT = YES;
			};
			name = Release;
		};
		16EA3D531EDD971800B30D72 /* Debug */ = {
			isa = XCBuildConfiguration;
			baseConfigurationReference = 004AD28EA184FB5FCF16C814 /* Pods-Topos.debug.xcconfig */;
			buildSettings = {
				ASSETCATALOG_COMPILER_APPICON_NAME = AppIcon;
				CODE_SIGN_IDENTITY = "iPhone Developer";
				"CODE_SIGN_IDENTITY[sdk=iphoneos*]" = "iPhone Developer";
				DEVELOPMENT_TEAM = 82M5R9Y24F;
				INFOPLIST_FILE = Topos/Info.plist;
				IPHONEOS_DEPLOYMENT_TARGET = 10.0;
				LD_RUNPATH_SEARCH_PATHS = "$(inherited) @executable_path/Frameworks";
				PRODUCT_BUNDLE_IDENTIFIER = com.blums.topos;
				PRODUCT_NAME = "$(TARGET_NAME)";
				PROVISIONING_PROFILE = "";
				PROVISIONING_PROFILE_SPECIFIER = "";
				SWIFT_SWIFT3_OBJC_INFERENCE = On;
				SWIFT_VERSION = 4.0;
				TARGETED_DEVICE_FAMILY = 1;
			};
			name = Debug;
		};
		16EA3D541EDD971800B30D72 /* Release */ = {
			isa = XCBuildConfiguration;
			baseConfigurationReference = 17496829FF09058168DC82A8 /* Pods-Topos.release.xcconfig */;
			buildSettings = {
				ASSETCATALOG_COMPILER_APPICON_NAME = AppIcon;
				CODE_SIGN_IDENTITY = "iPhone Developer";
				"CODE_SIGN_IDENTITY[sdk=iphoneos*]" = "iPhone Developer";
				DEVELOPMENT_TEAM = 82M5R9Y24F;
				INFOPLIST_FILE = Topos/Info.plist;
				IPHONEOS_DEPLOYMENT_TARGET = 10.0;
				LD_RUNPATH_SEARCH_PATHS = "$(inherited) @executable_path/Frameworks";
				PRODUCT_BUNDLE_IDENTIFIER = com.blums.topos;
				PRODUCT_NAME = "$(TARGET_NAME)";
				PROVISIONING_PROFILE = "";
				PROVISIONING_PROFILE_SPECIFIER = "";
				SWIFT_SWIFT3_OBJC_INFERENCE = On;
				SWIFT_VERSION = 4.0;
				TARGETED_DEVICE_FAMILY = 1;
			};
			name = Release;
		};
		16EA3D561EDD971800B30D72 /* Debug */ = {
			isa = XCBuildConfiguration;
			baseConfigurationReference = 0A638369653C76C1B1A5257E /* Pods-ToposTests.debug.xcconfig */;
			buildSettings = {
				ALWAYS_EMBED_SWIFT_STANDARD_LIBRARIES = YES;
				BUNDLE_LOADER = "$(TEST_HOST)";
				INFOPLIST_FILE = ToposTests/Info.plist;
				LD_RUNPATH_SEARCH_PATHS = "$(inherited) @executable_path/Frameworks @loader_path/Frameworks";
				PRODUCT_BUNDLE_IDENTIFIER = com.blums.ToposTests;
				PRODUCT_NAME = "$(TARGET_NAME)";
				SWIFT_SWIFT3_OBJC_INFERENCE = On;
				SWIFT_VERSION = 4.0;
				TEST_HOST = "$(BUILT_PRODUCTS_DIR)/Topos.app/Topos";
			};
			name = Debug;
		};
		16EA3D571EDD971800B30D72 /* Release */ = {
			isa = XCBuildConfiguration;
			baseConfigurationReference = D1EBEB92471C41608B013373 /* Pods-ToposTests.release.xcconfig */;
			buildSettings = {
				ALWAYS_EMBED_SWIFT_STANDARD_LIBRARIES = YES;
				BUNDLE_LOADER = "$(TEST_HOST)";
				INFOPLIST_FILE = ToposTests/Info.plist;
				LD_RUNPATH_SEARCH_PATHS = "$(inherited) @executable_path/Frameworks @loader_path/Frameworks";
				PRODUCT_BUNDLE_IDENTIFIER = com.blums.ToposTests;
				PRODUCT_NAME = "$(TARGET_NAME)";
				SWIFT_SWIFT3_OBJC_INFERENCE = On;
				SWIFT_VERSION = 4.0;
				TEST_HOST = "$(BUILT_PRODUCTS_DIR)/Topos.app/Topos";
			};
			name = Release;
		};
		16EA3D591EDD971800B30D72 /* Debug */ = {
			isa = XCBuildConfiguration;
			baseConfigurationReference = 7942D4813709BAA01003A004 /* Pods-ToposUITests.debug.xcconfig */;
			buildSettings = {
				ALWAYS_EMBED_SWIFT_STANDARD_LIBRARIES = YES;
				INFOPLIST_FILE = ToposUITests/Info.plist;
				LD_RUNPATH_SEARCH_PATHS = "$(inherited) @executable_path/Frameworks @loader_path/Frameworks";
				PRODUCT_BUNDLE_IDENTIFIER = com.blums.ToposUITests;
				PRODUCT_NAME = "$(TARGET_NAME)";
				SWIFT_SWIFT3_OBJC_INFERENCE = On;
				SWIFT_VERSION = 4.0;
				TEST_TARGET_NAME = Topos;
			};
			name = Debug;
		};
		16EA3D5A1EDD971800B30D72 /* Release */ = {
			isa = XCBuildConfiguration;
			baseConfigurationReference = 006FAFFEB787FCC8DE8BBE18 /* Pods-ToposUITests.release.xcconfig */;
			buildSettings = {
				ALWAYS_EMBED_SWIFT_STANDARD_LIBRARIES = YES;
				INFOPLIST_FILE = ToposUITests/Info.plist;
				LD_RUNPATH_SEARCH_PATHS = "$(inherited) @executable_path/Frameworks @loader_path/Frameworks";
				PRODUCT_BUNDLE_IDENTIFIER = com.blums.ToposUITests;
				PRODUCT_NAME = "$(TARGET_NAME)";
				SWIFT_SWIFT3_OBJC_INFERENCE = On;
				SWIFT_VERSION = 4.0;
				TEST_TARGET_NAME = Topos;
			};
			name = Release;
		};
/* End XCBuildConfiguration section */

/* Begin XCConfigurationList section */
		16EA3D221EDD971700B30D72 /* Build configuration list for PBXProject "Topos" */ = {
			isa = XCConfigurationList;
			buildConfigurations = (
				16EA3D501EDD971800B30D72 /* Debug */,
				16EA3D511EDD971800B30D72 /* Release */,
			);
			defaultConfigurationIsVisible = 0;
			defaultConfigurationName = Release;
		};
		16EA3D521EDD971800B30D72 /* Build configuration list for PBXNativeTarget "Topos" */ = {
			isa = XCConfigurationList;
			buildConfigurations = (
				16EA3D531EDD971800B30D72 /* Debug */,
				16EA3D541EDD971800B30D72 /* Release */,
			);
			defaultConfigurationIsVisible = 0;
			defaultConfigurationName = Release;
		};
		16EA3D551EDD971800B30D72 /* Build configuration list for PBXNativeTarget "ToposTests" */ = {
			isa = XCConfigurationList;
			buildConfigurations = (
				16EA3D561EDD971800B30D72 /* Debug */,
				16EA3D571EDD971800B30D72 /* Release */,
			);
			defaultConfigurationIsVisible = 0;
			defaultConfigurationName = Release;
		};
		16EA3D581EDD971800B30D72 /* Build configuration list for PBXNativeTarget "ToposUITests" */ = {
			isa = XCConfigurationList;
			buildConfigurations = (
				16EA3D591EDD971800B30D72 /* Debug */,
				16EA3D5A1EDD971800B30D72 /* Release */,
			);
			defaultConfigurationIsVisible = 0;
			defaultConfigurationName = Release;
		};
/* End XCConfigurationList section */

/* Begin XCVersionGroup section */
		16EA3D311EDD971700B30D72 /* Topos.xcdatamodeld */ = {
			isa = XCVersionGroup;
			children = (
				16EA3D321EDD971700B30D72 /* Topos.xcdatamodel */,
			);
			currentVersion = 16EA3D321EDD971700B30D72 /* Topos.xcdatamodel */;
			path = Topos.xcdatamodeld;
			sourceTree = "<group>";
			versionGroupType = wrapper.xcdatamodel;
		};
/* End XCVersionGroup section */
	};
	rootObject = 16EA3D1F1EDD971700B30D72 /* Project object */;
}
