// !$*UTF8*$!
{
	archiveVersion = 1;
	classes = {
	};
	objectVersion = 46;
	objects = {

/* Begin PBXBuildFile section */
		167678931EE4D2F900EED638 /* GrabarAudio.storyboard in Resources */ = {isa = PBXBuildFile; fileRef = 167678921EE4D2F900EED638 /* GrabarAudio.storyboard */; };
		167678951EE4D31100EED638 /* GrabarAudioViewController.swift in Sources */ = {isa = PBXBuildFile; fileRef = 167678941EE4D31100EED638 /* GrabarAudioViewController.swift */; };
		16AF16ED1EE07D5B008A9B17 /* WhatsApp Image 2017-05-19 at 17.02.49.jpeg in Resources */ = {isa = PBXBuildFile; fileRef = 16AF16EC1EE07D5B008A9B17 /* WhatsApp Image 2017-05-19 at 17.02.49.jpeg */; };
		16AF16EF1EE07F2A008A9B17 /* WhatsApp Image 2017-05-19 at 17.03.02.jpeg in Resources */ = {isa = PBXBuildFile; fileRef = 16AF16EE1EE07F2A008A9B17 /* WhatsApp Image 2017-05-19 at 17.03.02.jpeg */; };
		16AF16F11EE07F65008A9B17 /* WhatsApp Image 2017-05-19 at 17.03.10.jpeg in Resources */ = {isa = PBXBuildFile; fileRef = 16AF16F01EE07F65008A9B17 /* WhatsApp Image 2017-05-19 at 17.03.10.jpeg */; };
		16AF16F31EE09228008A9B17 /* WhatsApp Image 2017-05-19 at 17.03.23.jpeg in Resources */ = {isa = PBXBuildFile; fileRef = 16AF16F21EE09228008A9B17 /* WhatsApp Image 2017-05-19 at 17.03.23.jpeg */; };
		16AF16F51EE092A0008A9B17 /* Seleccion.jpeg in Resources */ = {isa = PBXBuildFile; fileRef = 16AF16F41EE092A0008A9B17 /* Seleccion.jpeg */; };
		16AF16F71EE09313008A9B17 /* Galeriafondos.jpeg in Resources */ = {isa = PBXBuildFile; fileRef = 16AF16F61EE09313008A9B17 /* Galeriafondos.jpeg */; };
		16AF16F91EE0934A008A9B17 /* WhatsApp Image 2017-05-19 at 17.03.55.jpeg in Resources */ = {isa = PBXBuildFile; fileRef = 16AF16F81EE0934A008A9B17 /* WhatsApp Image 2017-05-19 at 17.03.55.jpeg */; };
		16AF16FB1EE0935B008A9B17 /* WhatsApp Image 2017-05-19 at 17.04.01.jpeg in Resources */ = {isa = PBXBuildFile; fileRef = 16AF16FA1EE0935B008A9B17 /* WhatsApp Image 2017-05-19 at 17.04.01.jpeg */; };
		16AF16FD1EE09365008A9B17 /* GaleriaTopos.jpeg in Resources */ = {isa = PBXBuildFile; fileRef = 16AF16FC1EE09365008A9B17 /* GaleriaTopos.jpeg */; };
		16AF16FF1EE09371008A9B17 /* WhatsApp Image 2017-05-19 at 17.04.56.jpeg in Resources */ = {isa = PBXBuildFile; fileRef = 16AF16FE1EE09371008A9B17 /* WhatsApp Image 2017-05-19 at 17.04.56.jpeg */; };
		16AF17011EE0938C008A9B17 /* WhatsApp Image 2017-05-19 at 17.05.11.jpeg in Resources */ = {isa = PBXBuildFile; fileRef = 16AF17001EE0938C008A9B17 /* WhatsApp Image 2017-05-19 at 17.05.11.jpeg */; };
		16AF17031EE09395008A9B17 /* GaleriaMusica.jpeg in Resources */ = {isa = PBXBuildFile; fileRef = 16AF17021EE09395008A9B17 /* GaleriaMusica.jpeg */; };
		16AF17051EE093A1008A9B17 /* WhatsApp Image 2017-05-19 at 17.05.42.jpeg in Resources */ = {isa = PBXBuildFile; fileRef = 16AF17041EE093A1008A9B17 /* WhatsApp Image 2017-05-19 at 17.05.42.jpeg */; };
		16AF17071EE093AF008A9B17 /* WhatsApp Image 2017-05-19 at 17.05.52.jpeg in Resources */ = {isa = PBXBuildFile; fileRef = 16AF17061EE093AF008A9B17 /* WhatsApp Image 2017-05-19 at 17.05.52.jpeg */; };
		16AF17091EE093C1008A9B17 /* WhatsApp Image 2017-05-19 at 17.05.59.jpeg in Resources */ = {isa = PBXBuildFile; fileRef = 16AF17081EE093C1008A9B17 /* WhatsApp Image 2017-05-19 at 17.05.59.jpeg */; };
		16AF170B1EE093D5008A9B17 /* WhatsApp Image 2017-05-19 at 17.06.27.jpeg in Resources */ = {isa = PBXBuildFile; fileRef = 16AF170A1EE093D5008A9B17 /* WhatsApp Image 2017-05-19 at 17.06.27.jpeg */; };
		16AF170D1EE093E5008A9B17 /* WhatsApp Image 2017-05-19 at 17.06.38.jpeg in Resources */ = {isa = PBXBuildFile; fileRef = 16AF170C1EE093E5008A9B17 /* WhatsApp Image 2017-05-19 at 17.06.38.jpeg */; };
		16AF170F1EE093F0008A9B17 /* MisCuentos.jpeg in Resources */ = {isa = PBXBuildFile; fileRef = 16AF170E1EE093F0008A9B17 /* MisCuentos.jpeg */; };
		16AF171B1EE0F74B008A9B17 /* fondo1.jpg in Resources */ = {isa = PBXBuildFile; fileRef = 16AF17111EE0F74B008A9B17 /* fondo1.jpg */; };
		16AF171C1EE0F74B008A9B17 /* fondo2.jpg in Resources */ = {isa = PBXBuildFile; fileRef = 16AF17121EE0F74B008A9B17 /* fondo2.jpg */; };
		16AF171D1EE0F74B008A9B17 /* fondo3.jpg in Resources */ = {isa = PBXBuildFile; fileRef = 16AF17131EE0F74B008A9B17 /* fondo3.jpg */; };
		16AF171E1EE0F74B008A9B17 /* fondo4.jpg in Resources */ = {isa = PBXBuildFile; fileRef = 16AF17141EE0F74B008A9B17 /* fondo4.jpg */; };
		16AF171F1EE0F74B008A9B17 /* fondo5.jpg in Resources */ = {isa = PBXBuildFile; fileRef = 16AF17151EE0F74B008A9B17 /* fondo5.jpg */; };
		16AF17201EE0F74B008A9B17 /* fondo6.jpg in Resources */ = {isa = PBXBuildFile; fileRef = 16AF17161EE0F74B008A9B17 /* fondo6.jpg */; };
		16AF17211EE0F74B008A9B17 /* fondo7.jpg in Resources */ = {isa = PBXBuildFile; fileRef = 16AF17171EE0F74B008A9B17 /* fondo7.jpg */; };
		16AF17221EE0F74B008A9B17 /* fondo8.jpg in Resources */ = {isa = PBXBuildFile; fileRef = 16AF17181EE0F74B008A9B17 /* fondo8.jpg */; };
		16AF17231EE0F74B008A9B17 /* fondo9.jpg in Resources */ = {isa = PBXBuildFile; fileRef = 16AF17191EE0F74B008A9B17 /* fondo9.jpg */; };
		16AF17241EE0F74B008A9B17 /* fondo10.jpg in Resources */ = {isa = PBXBuildFile; fileRef = 16AF171A1EE0F74B008A9B17 /* fondo10.jpg */; };
		16AF17261EE0F838008A9B17 /* GaleriaFondos.storyboard in Resources */ = {isa = PBXBuildFile; fileRef = 16AF17251EE0F838008A9B17 /* GaleriaFondos.storyboard */; };
		16AF172A1EE0F8BA008A9B17 /* GaleriaFondosCollectionViewCell.swift in Sources */ = {isa = PBXBuildFile; fileRef = 16AF17291EE0F8BA008A9B17 /* GaleriaFondosCollectionViewCell.swift */; };
		16BC26C01EE36A52009C2688 /* GaleriaTopos.storyboard in Resources */ = {isa = PBXBuildFile; fileRef = 16BC26BF1EE36A52009C2688 /* GaleriaTopos.storyboard */; };
		16BC26C21EE36A6E009C2688 /* GaleriaToposCollectionViewCell.swift in Sources */ = {isa = PBXBuildFile; fileRef = 16BC26C11EE36A6E009C2688 /* GaleriaToposCollectionViewCell.swift */; };
		16BC26D91EE36BC9009C2688 /* topos1.png in Resources */ = {isa = PBXBuildFile; fileRef = 16BC26C61EE36BC9009C2688 /* topos1.png */; };
		16BC26DA1EE36BC9009C2688 /* topos2.png in Resources */ = {isa = PBXBuildFile; fileRef = 16BC26C71EE36BC9009C2688 /* topos2.png */; };
		16BC26DB1EE36BC9009C2688 /* topos3.png in Resources */ = {isa = PBXBuildFile; fileRef = 16BC26C81EE36BC9009C2688 /* topos3.png */; };
		16BC26DC1EE36BC9009C2688 /* topos4.png in Resources */ = {isa = PBXBuildFile; fileRef = 16BC26C91EE36BC9009C2688 /* topos4.png */; };
		16BC26DD1EE36BC9009C2688 /* topos5.png in Resources */ = {isa = PBXBuildFile; fileRef = 16BC26CA1EE36BC9009C2688 /* topos5.png */; };
		16BC26DE1EE36BC9009C2688 /* topos6.png in Resources */ = {isa = PBXBuildFile; fileRef = 16BC26CB1EE36BC9009C2688 /* topos6.png */; };
		16BC26DF1EE36BC9009C2688 /* topos7.png in Resources */ = {isa = PBXBuildFile; fileRef = 16BC26CC1EE36BC9009C2688 /* topos7.png */; };
		16BC26E01EE36BC9009C2688 /* topos8.png in Resources */ = {isa = PBXBuildFile; fileRef = 16BC26CD1EE36BC9009C2688 /* topos8.png */; };
		16BC26E11EE36BC9009C2688 /* topos9.png in Resources */ = {isa = PBXBuildFile; fileRef = 16BC26CE1EE36BC9009C2688 /* topos9.png */; };
		16BC26E21EE36BC9009C2688 /* topos10.png in Resources */ = {isa = PBXBuildFile; fileRef = 16BC26CF1EE36BC9009C2688 /* topos10.png */; };
		16BC26E31EE36BC9009C2688 /* topos11.png in Resources */ = {isa = PBXBuildFile; fileRef = 16BC26D01EE36BC9009C2688 /* topos11.png */; };
		16BC26E41EE36BC9009C2688 /* topos12.png in Resources */ = {isa = PBXBuildFile; fileRef = 16BC26D11EE36BC9009C2688 /* topos12.png */; };
		16BC26E51EE36BC9009C2688 /* topos13.png in Resources */ = {isa = PBXBuildFile; fileRef = 16BC26D21EE36BC9009C2688 /* topos13.png */; };
		16BC26E61EE36BC9009C2688 /* topos14.png in Resources */ = {isa = PBXBuildFile; fileRef = 16BC26D31EE36BC9009C2688 /* topos14.png */; };
		16BC26E71EE36BC9009C2688 /* topos15.png in Resources */ = {isa = PBXBuildFile; fileRef = 16BC26D41EE36BC9009C2688 /* topos15.png */; };
		16BC26E81EE36BC9009C2688 /* topos16.png in Resources */ = {isa = PBXBuildFile; fileRef = 16BC26D51EE36BC9009C2688 /* topos16.png */; };
		16BC26E91EE36BC9009C2688 /* topos17.png in Resources */ = {isa = PBXBuildFile; fileRef = 16BC26D61EE36BC9009C2688 /* topos17.png */; };
		16BC26EA1EE36BC9009C2688 /* topos18.png in Resources */ = {isa = PBXBuildFile; fileRef = 16BC26D71EE36BC9009C2688 /* topos18.png */; };
		16BC26EB1EE36BC9009C2688 /* topos19.png in Resources */ = {isa = PBXBuildFile; fileRef = 16BC26D81EE36BC9009C2688 /* topos19.png */; };
		16BC26ED1EE459DF009C2688 /* Seleccion.storyboard in Resources */ = {isa = PBXBuildFile; fileRef = 16BC26EC1EE459DF009C2688 /* Seleccion.storyboard */; };
		16BC26EF1EE45B6F009C2688 /* SeleccionViewController.swift in Sources */ = {isa = PBXBuildFile; fileRef = 16BC26EE1EE45B6F009C2688 /* SeleccionViewController.swift */; };
		16BC26F11EE45D02009C2688 /* GaleriaFondosViewController.swift in Sources */ = {isa = PBXBuildFile; fileRef = 16BC26F01EE45D02009C2688 /* GaleriaFondosViewController.swift */; };
		16BC26F31EE49A81009C2688 /* GaleriaToposViewController.swift in Sources */ = {isa = PBXBuildFile; fileRef = 16BC26F21EE49A81009C2688 /* GaleriaToposViewController.swift */; };
		16BC26F51EE49CB0009C2688 /* GaleriaMusicaViewController.swift in Sources */ = {isa = PBXBuildFile; fileRef = 16BC26F41EE49CB0009C2688 /* GaleriaMusicaViewController.swift */; };
		16BC26F71EE49CCF009C2688 /* GaleriaMusica.storyboard in Resources */ = {isa = PBXBuildFile; fileRef = 16BC26F61EE49CCF009C2688 /* GaleriaMusica.storyboard */; };
		16BC26F91EE49D85009C2688 /* GaleriaMusicaCollectionViewCell.swift in Sources */ = {isa = PBXBuildFile; fileRef = 16BC26F81EE49D85009C2688 /* GaleriaMusicaCollectionViewCell.swift */; };
		16EA3D2B1EDD971700B30D72 /* AppDelegate.swift in Sources */ = {isa = PBXBuildFile; fileRef = 16EA3D2A1EDD971700B30D72 /* AppDelegate.swift */; };
		16EA3D2D1EDD971700B30D72 /* ViewController.swift in Sources */ = {isa = PBXBuildFile; fileRef = 16EA3D2C1EDD971700B30D72 /* ViewController.swift */; };
		16EA3D301EDD971700B30D72 /* Main.storyboard in Resources */ = {isa = PBXBuildFile; fileRef = 16EA3D2E1EDD971700B30D72 /* Main.storyboard */; };
		16EA3D331EDD971700B30D72 /* Topos.xcdatamodeld in Sources */ = {isa = PBXBuildFile; fileRef = 16EA3D311EDD971700B30D72 /* Topos.xcdatamodeld */; };
		16EA3D351EDD971700B30D72 /* Assets.xcassets in Resources */ = {isa = PBXBuildFile; fileRef = 16EA3D341EDD971700B30D72 /* Assets.xcassets */; };
		16EA3D381EDD971700B30D72 /* LaunchScreen.storyboard in Resources */ = {isa = PBXBuildFile; fileRef = 16EA3D361EDD971700B30D72 /* LaunchScreen.storyboard */; };
		16EA3D431EDD971800B30D72 /* ToposTests.swift in Sources */ = {isa = PBXBuildFile; fileRef = 16EA3D421EDD971800B30D72 /* ToposTests.swift */; };
		16EA3D4E1EDD971800B30D72 /* ToposUITests.swift in Sources */ = {isa = PBXBuildFile; fileRef = 16EA3D4D1EDD971800B30D72 /* ToposUITests.swift */; };
/* End PBXBuildFile section */

/* Begin PBXContainerItemProxy section */
		16EA3D3F1EDD971800B30D72 /* PBXContainerItemProxy */ = {
			isa = PBXContainerItemProxy;
			containerPortal = 16EA3D1F1EDD971700B30D72 /* Project object */;
			proxyType = 1;
			remoteGlobalIDString = 16EA3D261EDD971700B30D72;
			remoteInfo = Topos;
		};
		16EA3D4A1EDD971800B30D72 /* PBXContainerItemProxy */ = {
			isa = PBXContainerItemProxy;
			containerPortal = 16EA3D1F1EDD971700B30D72 /* Project object */;
			proxyType = 1;
			remoteGlobalIDString = 16EA3D261EDD971700B30D72;
			remoteInfo = Topos;
		};
/* End PBXContainerItemProxy section */

/* Begin PBXFileReference section */
		167678921EE4D2F900EED638 /* GrabarAudio.storyboard */ = {isa = PBXFileReference; fileEncoding = 4; lastKnownFileType = file.storyboard; path = GrabarAudio.storyboard; sourceTree = "<group>"; };
		167678941EE4D31100EED638 /* GrabarAudioViewController.swift */ = {isa = PBXFileReference; fileEncoding = 4; lastKnownFileType = sourcecode.swift; path = GrabarAudioViewController.swift; sourceTree = "<group>"; };
		16AF16EC1EE07D5B008A9B17 /* WhatsApp Image 2017-05-19 at 17.02.49.jpeg */ = {isa = PBXFileReference; lastKnownFileType = image.jpeg; path = "WhatsApp Image 2017-05-19 at 17.02.49.jpeg"; sourceTree = "<group>"; };
		16AF16EE1EE07F2A008A9B17 /* WhatsApp Image 2017-05-19 at 17.03.02.jpeg */ = {isa = PBXFileReference; lastKnownFileType = image.jpeg; path = "WhatsApp Image 2017-05-19 at 17.03.02.jpeg"; sourceTree = "<group>"; };
		16AF16F01EE07F65008A9B17 /* WhatsApp Image 2017-05-19 at 17.03.10.jpeg */ = {isa = PBXFileReference; lastKnownFileType = image.jpeg; path = "WhatsApp Image 2017-05-19 at 17.03.10.jpeg"; sourceTree = "<group>"; };
		16AF16F21EE09228008A9B17 /* WhatsApp Image 2017-05-19 at 17.03.23.jpeg */ = {isa = PBXFileReference; lastKnownFileType = image.jpeg; path = "WhatsApp Image 2017-05-19 at 17.03.23.jpeg"; sourceTree = "<group>"; };
		16AF16F41EE092A0008A9B17 /* Seleccion.jpeg */ = {isa = PBXFileReference; lastKnownFileType = image.jpeg; path = Seleccion.jpeg; sourceTree = "<group>"; };
		16AF16F61EE09313008A9B17 /* Galeriafondos.jpeg */ = {isa = PBXFileReference; lastKnownFileType = image.jpeg; path = Galeriafondos.jpeg; sourceTree = "<group>"; };
		16AF16F81EE0934A008A9B17 /* WhatsApp Image 2017-05-19 at 17.03.55.jpeg */ = {isa = PBXFileReference; lastKnownFileType = image.jpeg; path = "WhatsApp Image 2017-05-19 at 17.03.55.jpeg"; sourceTree = "<group>"; };
		16AF16FA1EE0935B008A9B17 /* WhatsApp Image 2017-05-19 at 17.04.01.jpeg */ = {isa = PBXFileReference; lastKnownFileType = image.jpeg; path = "WhatsApp Image 2017-05-19 at 17.04.01.jpeg"; sourceTree = "<group>"; };
		16AF16FC1EE09365008A9B17 /* GaleriaTopos.jpeg */ = {isa = PBXFileReference; lastKnownFileType = image.jpeg; path = GaleriaTopos.jpeg; sourceTree = "<group>"; };
		16AF16FE1EE09371008A9B17 /* WhatsApp Image 2017-05-19 at 17.04.56.jpeg */ = {isa = PBXFileReference; lastKnownFileType = image.jpeg; path = "WhatsApp Image 2017-05-19 at 17.04.56.jpeg"; sourceTree = "<group>"; };
		16AF17001EE0938C008A9B17 /* WhatsApp Image 2017-05-19 at 17.05.11.jpeg */ = {isa = PBXFileReference; lastKnownFileType = image.jpeg; path = "WhatsApp Image 2017-05-19 at 17.05.11.jpeg"; sourceTree = "<group>"; };
		16AF17021EE09395008A9B17 /* GaleriaMusica.jpeg */ = {isa = PBXFileReference; lastKnownFileType = image.jpeg; path = GaleriaMusica.jpeg; sourceTree = "<group>"; };
		16AF17041EE093A1008A9B17 /* WhatsApp Image 2017-05-19 at 17.05.42.jpeg */ = {isa = PBXFileReference; lastKnownFileType = image.jpeg; path = "WhatsApp Image 2017-05-19 at 17.05.42.jpeg"; sourceTree = "<group>"; };
		16AF17061EE093AF008A9B17 /* WhatsApp Image 2017-05-19 at 17.05.52.jpeg */ = {isa = PBXFileReference; lastKnownFileType = image.jpeg; path = "WhatsApp Image 2017-05-19 at 17.05.52.jpeg"; sourceTree = "<group>"; };
		16AF17081EE093C1008A9B17 /* WhatsApp Image 2017-05-19 at 17.05.59.jpeg */ = {isa = PBXFileReference; lastKnownFileType = image.jpeg; path = "WhatsApp Image 2017-05-19 at 17.05.59.jpeg"; sourceTree = "<group>"; };
		16AF170A1EE093D5008A9B17 /* WhatsApp Image 2017-05-19 at 17.06.27.jpeg */ = {isa = PBXFileReference; lastKnownFileType = image.jpeg; path = "WhatsApp Image 2017-05-19 at 17.06.27.jpeg"; sourceTree = "<group>"; };
		16AF170C1EE093E5008A9B17 /* WhatsApp Image 2017-05-19 at 17.06.38.jpeg */ = {isa = PBXFileReference; lastKnownFileType = image.jpeg; path = "WhatsApp Image 2017-05-19 at 17.06.38.jpeg"; sourceTree = "<group>"; };
		16AF170E1EE093F0008A9B17 /* MisCuentos.jpeg */ = {isa = PBXFileReference; lastKnownFileType = image.jpeg; path = MisCuentos.jpeg; sourceTree = "<group>"; };
		16AF17111EE0F74B008A9B17 /* fondo1.jpg */ = {isa = PBXFileReference; lastKnownFileType = image.jpeg; path = fondo1.jpg; sourceTree = "<group>"; };
		16AF17121EE0F74B008A9B17 /* fondo2.jpg */ = {isa = PBXFileReference; lastKnownFileType = image.jpeg; path = fondo2.jpg; sourceTree = "<group>"; };
		16AF17131EE0F74B008A9B17 /* fondo3.jpg */ = {isa = PBXFileReference; lastKnownFileType = image.jpeg; path = fondo3.jpg; sourceTree = "<group>"; };
		16AF17141EE0F74B008A9B17 /* fondo4.jpg */ = {isa = PBXFileReference; lastKnownFileType = image.jpeg; path = fondo4.jpg; sourceTree = "<group>"; };
		16AF17151EE0F74B008A9B17 /* fondo5.jpg */ = {isa = PBXFileReference; lastKnownFileType = image.jpeg; path = fondo5.jpg; sourceTree = "<group>"; };
		16AF17161EE0F74B008A9B17 /* fondo6.jpg */ = {isa = PBXFileReference; lastKnownFileType = image.jpeg; path = fondo6.jpg; sourceTree = "<group>"; };
		16AF17171EE0F74B008A9B17 /* fondo7.jpg */ = {isa = PBXFileReference; lastKnownFileType = image.jpeg; path = fondo7.jpg; sourceTree = "<group>"; };
		16AF17181EE0F74B008A9B17 /* fondo8.jpg */ = {isa = PBXFileReference; lastKnownFileType = image.jpeg; path = fondo8.jpg; sourceTree = "<group>"; };
		16AF17191EE0F74B008A9B17 /* fondo9.jpg */ = {isa = PBXFileReference; lastKnownFileType = image.jpeg; path = fondo9.jpg; sourceTree = "<group>"; };
		16AF171A1EE0F74B008A9B17 /* fondo10.jpg */ = {isa = PBXFileReference; lastKnownFileType = image.jpeg; path = fondo10.jpg; sourceTree = "<group>"; };
		16AF17251EE0F838008A9B17 /* GaleriaFondos.storyboard */ = {isa = PBXFileReference; fileEncoding = 4; lastKnownFileType = file.storyboard; path = GaleriaFondos.storyboard; sourceTree = "<group>"; };
		16AF17291EE0F8BA008A9B17 /* GaleriaFondosCollectionViewCell.swift */ = {isa = PBXFileReference; fileEncoding = 4; lastKnownFileType = sourcecode.swift; path = GaleriaFondosCollectionViewCell.swift; sourceTree = "<group>"; };
		16BC26BF1EE36A52009C2688 /* GaleriaTopos.storyboard */ = {isa = PBXFileReference; fileEncoding = 4; lastKnownFileType = file.storyboard; path = GaleriaTopos.storyboard; sourceTree = "<group>"; };
		16BC26C11EE36A6E009C2688 /* GaleriaToposCollectionViewCell.swift */ = {isa = PBXFileReference; fileEncoding = 4; lastKnownFileType = sourcecode.swift; path = GaleriaToposCollectionViewCell.swift; sourceTree = "<group>"; };
		16BC26C61EE36BC9009C2688 /* topos1.png */ = {isa = PBXFileReference; lastKnownFileType = image.png; path = topos1.png; sourceTree = "<group>"; };
		16BC26C71EE36BC9009C2688 /* topos2.png */ = {isa = PBXFileReference; lastKnownFileType = image.png; path = topos2.png; sourceTree = "<group>"; };
		16BC26C81EE36BC9009C2688 /* topos3.png */ = {isa = PBXFileReference; lastKnownFileType = image.png; path = topos3.png; sourceTree = "<group>"; };
		16BC26C91EE36BC9009C2688 /* topos4.png */ = {isa = PBXFileReference; lastKnownFileType = image.png; path = topos4.png; sourceTree = "<group>"; };
		16BC26CA1EE36BC9009C2688 /* topos5.png */ = {isa = PBXFileReference; lastKnownFileType = image.png; path = topos5.png; sourceTree = "<group>"; };
		16BC26CB1EE36BC9009C2688 /* topos6.png */ = {isa = PBXFileReference; lastKnownFileType = image.png; path = topos6.png; sourceTree = "<group>"; };
		16BC26CC1EE36BC9009C2688 /* topos7.png */ = {isa = PBXFileReference; lastKnownFileType = image.png; path = topos7.png; sourceTree = "<group>"; };
		16BC26CD1EE36BC9009C2688 /* topos8.png */ = {isa = PBXFileReference; lastKnownFileType = image.png; path = topos8.png; sourceTree = "<group>"; };
		16BC26CE1EE36BC9009C2688 /* topos9.png */ = {isa = PBXFileReference; lastKnownFileType = image.png; path = topos9.png; sourceTree = "<group>"; };
		16BC26CF1EE36BC9009C2688 /* topos10.png */ = {isa = PBXFileReference; lastKnownFileType = image.png; path = topos10.png; sourceTree = "<group>"; };
		16BC26D01EE36BC9009C2688 /* topos11.png */ = {isa = PBXFileReference; lastKnownFileType = image.png; path = topos11.png; sourceTree = "<group>"; };
		16BC26D11EE36BC9009C2688 /* topos12.png */ = {isa = PBXFileReference; lastKnownFileType = image.png; path = topos12.png; sourceTree = "<group>"; };
		16BC26D21EE36BC9009C2688 /* topos13.png */ = {isa = PBXFileReference; lastKnownFileType = image.png; path = topos13.png; sourceTree = "<group>"; };
		16BC26D31EE36BC9009C2688 /* topos14.png */ = {isa = PBXFileReference; lastKnownFileType = image.png; path = topos14.png; sourceTree = "<group>"; };
		16BC26D41EE36BC9009C2688 /* topos15.png */ = {isa = PBXFileReference; lastKnownFileType = image.png; path = topos15.png; sourceTree = "<group>"; };
		16BC26D51EE36BC9009C2688 /* topos16.png */ = {isa = PBXFileReference; lastKnownFileType = image.png; path = topos16.png; sourceTree = "<group>"; };
		16BC26D61EE36BC9009C2688 /* topos17.png */ = {isa = PBXFileReference; lastKnownFileType = image.png; path = topos17.png; sourceTree = "<group>"; };
		16BC26D71EE36BC9009C2688 /* topos18.png */ = {isa = PBXFileReference; lastKnownFileType = image.png; path = topos18.png; sourceTree = "<group>"; };
		16BC26D81EE36BC9009C2688 /* topos19.png */ = {isa = PBXFileReference; lastKnownFileType = image.png; path = topos19.png; sourceTree = "<group>"; };
		16BC26EC1EE459DF009C2688 /* Seleccion.storyboard */ = {isa = PBXFileReference; fileEncoding = 4; lastKnownFileType = file.storyboard; path = Seleccion.storyboard; sourceTree = "<group>"; };
		16BC26EE1EE45B6F009C2688 /* SeleccionViewController.swift */ = {isa = PBXFileReference; fileEncoding = 4; lastKnownFileType = sourcecode.swift; path = SeleccionViewController.swift; sourceTree = "<group>"; };
		16BC26F01EE45D02009C2688 /* GaleriaFondosViewController.swift */ = {isa = PBXFileReference; fileEncoding = 4; lastKnownFileType = sourcecode.swift; path = GaleriaFondosViewController.swift; sourceTree = "<group>"; };
		16BC26F21EE49A81009C2688 /* GaleriaToposViewController.swift */ = {isa = PBXFileReference; fileEncoding = 4; lastKnownFileType = sourcecode.swift; path = GaleriaToposViewController.swift; sourceTree = "<group>"; };
		16BC26F41EE49CB0009C2688 /* GaleriaMusicaViewController.swift */ = {isa = PBXFileReference; fileEncoding = 4; lastKnownFileType = sourcecode.swift; path = GaleriaMusicaViewController.swift; sourceTree = "<group>"; };
		16BC26F61EE49CCF009C2688 /* GaleriaMusica.storyboard */ = {isa = PBXFileReference; fileEncoding = 4; lastKnownFileType = file.storyboard; path = GaleriaMusica.storyboard; sourceTree = "<group>"; };
		16BC26F81EE49D85009C2688 /* GaleriaMusicaCollectionViewCell.swift */ = {isa = PBXFileReference; fileEncoding = 4; lastKnownFileType = sourcecode.swift; path = GaleriaMusicaCollectionViewCell.swift; sourceTree = "<group>"; };
		16EA3D271EDD971700B30D72 /* Topos.app */ = {isa = PBXFileReference; explicitFileType = wrapper.application; includeInIndex = 0; path = Topos.app; sourceTree = BUILT_PRODUCTS_DIR; };
		16EA3D2A1EDD971700B30D72 /* AppDelegate.swift */ = {isa = PBXFileReference; lastKnownFileType = sourcecode.swift; path = AppDelegate.swift; sourceTree = "<group>"; };
		16EA3D2C1EDD971700B30D72 /* ViewController.swift */ = {isa = PBXFileReference; lastKnownFileType = sourcecode.swift; path = ViewController.swift; sourceTree = "<group>"; };
		16EA3D2F1EDD971700B30D72 /* Base */ = {isa = PBXFileReference; lastKnownFileType = file.storyboard; name = Base; path = Base.lproj/Main.storyboard; sourceTree = "<group>"; };
		16EA3D321EDD971700B30D72 /* Topos.xcdatamodel */ = {isa = PBXFileReference; lastKnownFileType = wrapper.xcdatamodel; path = Topos.xcdatamodel; sourceTree = "<group>"; };
		16EA3D341EDD971700B30D72 /* Assets.xcassets */ = {isa = PBXFileReference; lastKnownFileType = folder.assetcatalog; path = Assets.xcassets; sourceTree = "<group>"; };
		16EA3D371EDD971700B30D72 /* Base */ = {isa = PBXFileReference; lastKnownFileType = file.storyboard; name = Base; path = Base.lproj/LaunchScreen.storyboard; sourceTree = "<group>"; };
		16EA3D391EDD971700B30D72 /* Info.plist */ = {isa = PBXFileReference; lastKnownFileType = text.plist.xml; path = Info.plist; sourceTree = "<group>"; };
		16EA3D3E1EDD971800B30D72 /* ToposTests.xctest */ = {isa = PBXFileReference; explicitFileType = wrapper.cfbundle; includeInIndex = 0; path = ToposTests.xctest; sourceTree = BUILT_PRODUCTS_DIR; };
		16EA3D421EDD971800B30D72 /* ToposTests.swift */ = {isa = PBXFileReference; lastKnownFileType = sourcecode.swift; path = ToposTests.swift; sourceTree = "<group>"; };
		16EA3D441EDD971800B30D72 /* Info.plist */ = {isa = PBXFileReference; lastKnownFileType = text.plist.xml; path = Info.plist; sourceTree = "<group>"; };
		16EA3D491EDD971800B30D72 /* ToposUITests.xctest */ = {isa = PBXFileReference; explicitFileType = wrapper.cfbundle; includeInIndex = 0; path = ToposUITests.xctest; sourceTree = BUILT_PRODUCTS_DIR; };
		16EA3D4D1EDD971800B30D72 /* ToposUITests.swift */ = {isa = PBXFileReference; lastKnownFileType = sourcecode.swift; path = ToposUITests.swift; sourceTree = "<group>"; };
		16EA3D4F1EDD971800B30D72 /* Info.plist */ = {isa = PBXFileReference; lastKnownFileType = text.plist.xml; path = Info.plist; sourceTree = "<group>"; };
/* End PBXFileReference section */

/* Begin PBXFrameworksBuildPhase section */
		16EA3D241EDD971700B30D72 /* Frameworks */ = {
			isa = PBXFrameworksBuildPhase;
			buildActionMask = 2147483647;
			files = (
			);
			runOnlyForDeploymentPostprocessing = 0;
		};
		16EA3D3B1EDD971800B30D72 /* Frameworks */ = {
			isa = PBXFrameworksBuildPhase;
			buildActionMask = 2147483647;
			files = (
			);
			runOnlyForDeploymentPostprocessing = 0;
		};
		16EA3D461EDD971800B30D72 /* Frameworks */ = {
			isa = PBXFrameworksBuildPhase;
			buildActionMask = 2147483647;
			files = (
			);
			runOnlyForDeploymentPostprocessing = 0;
		};
/* End PBXFrameworksBuildPhase section */

/* Begin PBXGroup section */
		167678961EE4E1B000EED638 /* storyboard */ = {
			isa = PBXGroup;
			children = (
				16EA3D2E1EDD971700B30D72 /* Main.storyboard */,
				16BC26EC1EE459DF009C2688 /* Seleccion.storyboard */,
				16BC26BF1EE36A52009C2688 /* GaleriaTopos.storyboard */,
				16AF17251EE0F838008A9B17 /* GaleriaFondos.storyboard */,
				16BC26F61EE49CCF009C2688 /* GaleriaMusica.storyboard */,
				167678921EE4D2F900EED638 /* GrabarAudio.storyboard */,
			);
			name = storyboard;
			sourceTree = "<group>";
		};
		167678971EE4E1D000EED638 /* controller */ = {
			isa = PBXGroup;
			children = (
				16BC26F01EE45D02009C2688 /* GaleriaFondosViewController.swift */,
				16AF17291EE0F8BA008A9B17 /* GaleriaFondosCollectionViewCell.swift */,
				16BC26C11EE36A6E009C2688 /* GaleriaToposCollectionViewCell.swift */,
				16BC26EE1EE45B6F009C2688 /* SeleccionViewController.swift */,
				16BC26F21EE49A81009C2688 /* GaleriaToposViewController.swift */,
				16BC26F81EE49D85009C2688 /* GaleriaMusicaCollectionViewCell.swift */,
				16EA3D361EDD971700B30D72 /* LaunchScreen.storyboard */,
				16EA3D2A1EDD971700B30D72 /* AppDelegate.swift */,
				16EA3D2C1EDD971700B30D72 /* ViewController.swift */,
				16BC26F41EE49CB0009C2688 /* GaleriaMusicaViewController.swift */,
				167678941EE4D31100EED638 /* GrabarAudioViewController.swift */,
			);
			name = controller;
			sourceTree = "<group>";
		};
		16AF16EB1EE07B27008A9B17 /* imagenes */ = {
			isa = PBXGroup;
			children = (
				16BC26C51EE36B59009C2688 /* topos */,
				16AF17101EE0F740008A9B17 /* fondos */,
				16AF16EC1EE07D5B008A9B17 /* WhatsApp Image 2017-05-19 at 17.02.49.jpeg */,
				16AF16EE1EE07F2A008A9B17 /* WhatsApp Image 2017-05-19 at 17.03.02.jpeg */,
				16AF16F01EE07F65008A9B17 /* WhatsApp Image 2017-05-19 at 17.03.10.jpeg */,
				16AF16F21EE09228008A9B17 /* WhatsApp Image 2017-05-19 at 17.03.23.jpeg */,
				16AF16F41EE092A0008A9B17 /* Seleccion.jpeg */,
				16AF16F61EE09313008A9B17 /* Galeriafondos.jpeg */,
				16AF16F81EE0934A008A9B17 /* WhatsApp Image 2017-05-19 at 17.03.55.jpeg */,
				16AF16FA1EE0935B008A9B17 /* WhatsApp Image 2017-05-19 at 17.04.01.jpeg */,
				16AF16FC1EE09365008A9B17 /* GaleriaTopos.jpeg */,
				16AF16FE1EE09371008A9B17 /* WhatsApp Image 2017-05-19 at 17.04.56.jpeg */,
				16AF17001EE0938C008A9B17 /* WhatsApp Image 2017-05-19 at 17.05.11.jpeg */,
				16AF17021EE09395008A9B17 /* GaleriaMusica.jpeg */,
				16AF17041EE093A1008A9B17 /* WhatsApp Image 2017-05-19 at 17.05.42.jpeg */,
				16AF17061EE093AF008A9B17 /* WhatsApp Image 2017-05-19 at 17.05.52.jpeg */,
				16AF17081EE093C1008A9B17 /* WhatsApp Image 2017-05-19 at 17.05.59.jpeg */,
				16AF170A1EE093D5008A9B17 /* WhatsApp Image 2017-05-19 at 17.06.27.jpeg */,
				16AF170C1EE093E5008A9B17 /* WhatsApp Image 2017-05-19 at 17.06.38.jpeg */,
				16AF170E1EE093F0008A9B17 /* MisCuentos.jpeg */,
			);
			name = imagenes;
			sourceTree = "<group>";
		};
		16AF17101EE0F740008A9B17 /* fondos */ = {
			isa = PBXGroup;
			children = (
				16AF17111EE0F74B008A9B17 /* fondo1.jpg */,
				16AF17121EE0F74B008A9B17 /* fondo2.jpg */,
				16AF17131EE0F74B008A9B17 /* fondo3.jpg */,
				16AF17141EE0F74B008A9B17 /* fondo4.jpg */,
				16AF17151EE0F74B008A9B17 /* fondo5.jpg */,
				16AF17161EE0F74B008A9B17 /* fondo6.jpg */,
				16AF17171EE0F74B008A9B17 /* fondo7.jpg */,
				16AF17181EE0F74B008A9B17 /* fondo8.jpg */,
				16AF17191EE0F74B008A9B17 /* fondo9.jpg */,
				16AF171A1EE0F74B008A9B17 /* fondo10.jpg */,
			);
			name = fondos;
			sourceTree = "<group>";
		};
		16BC26C51EE36B59009C2688 /* topos */ = {
			isa = PBXGroup;
			children = (
				16BC26C61EE36BC9009C2688 /* topos1.png */,
				16BC26C71EE36BC9009C2688 /* topos2.png */,
				16BC26C81EE36BC9009C2688 /* topos3.png */,
				16BC26C91EE36BC9009C2688 /* topos4.png */,
				16BC26CA1EE36BC9009C2688 /* topos5.png */,
				16BC26CB1EE36BC9009C2688 /* topos6.png */,
				16BC26CC1EE36BC9009C2688 /* topos7.png */,
				16BC26CD1EE36BC9009C2688 /* topos8.png */,
				16BC26CE1EE36BC9009C2688 /* topos9.png */,
				16BC26CF1EE36BC9009C2688 /* topos10.png */,
				16BC26D01EE36BC9009C2688 /* topos11.png */,
				16BC26D11EE36BC9009C2688 /* topos12.png */,
				16BC26D21EE36BC9009C2688 /* topos13.png */,
				16BC26D31EE36BC9009C2688 /* topos14.png */,
				16BC26D41EE36BC9009C2688 /* topos15.png */,
				16BC26D51EE36BC9009C2688 /* topos16.png */,
				16BC26D61EE36BC9009C2688 /* topos17.png */,
				16BC26D71EE36BC9009C2688 /* topos18.png */,
				16BC26D81EE36BC9009C2688 /* topos19.png */,
			);
			name = topos;
			sourceTree = "<group>";
		};
		16EA3D1E1EDD971700B30D72 = {
			isa = PBXGroup;
			children = (
				16EA3D291EDD971700B30D72 /* Topos */,
				16EA3D411EDD971800B30D72 /* ToposTests */,
				16EA3D4C1EDD971800B30D72 /* ToposUITests */,
				16EA3D281EDD971700B30D72 /* Products */,
			);
			sourceTree = "<group>";
		};
		16EA3D281EDD971700B30D72 /* Products */ = {
			isa = PBXGroup;
			children = (
				16EA3D271EDD971700B30D72 /* Topos.app */,
				16EA3D3E1EDD971800B30D72 /* ToposTests.xctest */,
				16EA3D491EDD971800B30D72 /* ToposUITests.xctest */,
			);
			name = Products;
			sourceTree = "<group>";
		};
		16EA3D291EDD971700B30D72 /* Topos */ = {
			isa = PBXGroup;
			children = (
				167678961EE4E1B000EED638 /* storyboard */,
				167678971EE4E1D000EED638 /* controller */,
				16AF16EB1EE07B27008A9B17 /* imagenes */,
				16EA3D341EDD971700B30D72 /* Assets.xcassets */,
				16EA3D391EDD971700B30D72 /* Info.plist */,
				16EA3D311EDD971700B30D72 /* Topos.xcdatamodeld */,
			);
			path = Topos;
			sourceTree = "<group>";
		};
		16EA3D411EDD971800B30D72 /* ToposTests */ = {
			isa = PBXGroup;
			children = (
				16EA3D421EDD971800B30D72 /* ToposTests.swift */,
				16EA3D441EDD971800B30D72 /* Info.plist */,
			);
			path = ToposTests;
			sourceTree = "<group>";
		};
		16EA3D4C1EDD971800B30D72 /* ToposUITests */ = {
			isa = PBXGroup;
			children = (
				16EA3D4D1EDD971800B30D72 /* ToposUITests.swift */,
				16EA3D4F1EDD971800B30D72 /* Info.plist */,
			);
			path = ToposUITests;
			sourceTree = "<group>";
		};
/* End PBXGroup section */

/* Begin PBXNativeTarget section */
		16EA3D261EDD971700B30D72 /* Topos */ = {
			isa = PBXNativeTarget;
			buildConfigurationList = 16EA3D521EDD971800B30D72 /* Build configuration list for PBXNativeTarget "Topos" */;
			buildPhases = (
				16EA3D231EDD971700B30D72 /* Sources */,
				16EA3D241EDD971700B30D72 /* Frameworks */,
				16EA3D251EDD971700B30D72 /* Resources */,
			);
			buildRules = (
			);
			dependencies = (
			);
			name = Topos;
			productName = Topos;
			productReference = 16EA3D271EDD971700B30D72 /* Topos.app */;
			productType = "com.apple.product-type.application";
		};
		16EA3D3D1EDD971800B30D72 /* ToposTests */ = {
			isa = PBXNativeTarget;
			buildConfigurationList = 16EA3D551EDD971800B30D72 /* Build configuration list for PBXNativeTarget "ToposTests" */;
			buildPhases = (
				16EA3D3A1EDD971800B30D72 /* Sources */,
				16EA3D3B1EDD971800B30D72 /* Frameworks */,
				16EA3D3C1EDD971800B30D72 /* Resources */,
			);
			buildRules = (
			);
			dependencies = (
				16EA3D401EDD971800B30D72 /* PBXTargetDependency */,
			);
			name = ToposTests;
			productName = ToposTests;
			productReference = 16EA3D3E1EDD971800B30D72 /* ToposTests.xctest */;
			productType = "com.apple.product-type.bundle.unit-test";
		};
		16EA3D481EDD971800B30D72 /* ToposUITests */ = {
			isa = PBXNativeTarget;
			buildConfigurationList = 16EA3D581EDD971800B30D72 /* Build configuration list for PBXNativeTarget "ToposUITests" */;
			buildPhases = (
				16EA3D451EDD971800B30D72 /* Sources */,
				16EA3D461EDD971800B30D72 /* Frameworks */,
				16EA3D471EDD971800B30D72 /* Resources */,
			);
			buildRules = (
			);
			dependencies = (
				16EA3D4B1EDD971800B30D72 /* PBXTargetDependency */,
			);
			name = ToposUITests;
			productName = ToposUITests;
			productReference = 16EA3D491EDD971800B30D72 /* ToposUITests.xctest */;
			productType = "com.apple.product-type.bundle.ui-testing";
		};
/* End PBXNativeTarget section */

/* Begin PBXProject section */
		16EA3D1F1EDD971700B30D72 /* Project object */ = {
			isa = PBXProject;
			attributes = {
				LastSwiftUpdateCheck = 0830;
				LastUpgradeCheck = 0830;
				ORGANIZATIONNAME = "Matias Blum";
				TargetAttributes = {
					16EA3D261EDD971700B30D72 = {
						CreatedOnToolsVersion = 8.3.2;
						DevelopmentTeam = 82M5R9Y24F;
						ProvisioningStyle = Automatic;
					};
					16EA3D3D1EDD971800B30D72 = {
						CreatedOnToolsVersion = 8.3.2;
						ProvisioningStyle = Automatic;
						TestTargetID = 16EA3D261EDD971700B30D72;
					};
					16EA3D481EDD971800B30D72 = {
						CreatedOnToolsVersion = 8.3.2;
						ProvisioningStyle = Automatic;
						TestTargetID = 16EA3D261EDD971700B30D72;
					};
				};
			};
			buildConfigurationList = 16EA3D221EDD971700B30D72 /* Build configuration list for PBXProject "Topos" */;
			compatibilityVersion = "Xcode 3.2";
			developmentRegion = English;
			hasScannedForEncodings = 0;
			knownRegions = (
				en,
				Base,
			);
			mainGroup = 16EA3D1E1EDD971700B30D72;
			productRefGroup = 16EA3D281EDD971700B30D72 /* Products */;
			projectDirPath = "";
			projectRoot = "";
			targets = (
				16EA3D261EDD971700B30D72 /* Topos */,
				16EA3D3D1EDD971800B30D72 /* ToposTests */,
				16EA3D481EDD971800B30D72 /* ToposUITests */,
			);
		};
/* End PBXProject section */

/* Begin PBXResourcesBuildPhase section */
		16EA3D251EDD971700B30D72 /* Resources */ = {
			isa = PBXResourcesBuildPhase;
			buildActionMask = 2147483647;
			files = (
				16AF17051EE093A1008A9B17 /* WhatsApp Image 2017-05-19 at 17.05.42.jpeg in Resources */,
				16AF16ED1EE07D5B008A9B17 /* WhatsApp Image 2017-05-19 at 17.02.49.jpeg in Resources */,
				16BC26C01EE36A52009C2688 /* GaleriaTopos.storyboard in Resources */,
				16AF17201EE0F74B008A9B17 /* fondo6.jpg in Resources */,
				16AF171D1EE0F74B008A9B17 /* fondo3.jpg in Resources */,
				16AF16F71EE09313008A9B17 /* Galeriafondos.jpeg in Resources */,
				16AF16F11EE07F65008A9B17 /* WhatsApp Image 2017-05-19 at 17.03.10.jpeg in Resources */,
				16BC26D91EE36BC9009C2688 /* topos1.png in Resources */,
				16AF17211EE0F74B008A9B17 /* fondo7.jpg in Resources */,
				16BC26E71EE36BC9009C2688 /* topos15.png in Resources */,
				16BC26E31EE36BC9009C2688 /* topos11.png in Resources */,
				16AF17221EE0F74B008A9B17 /* fondo8.jpg in Resources */,
				16AF16FB1EE0935B008A9B17 /* WhatsApp Image 2017-05-19 at 17.04.01.jpeg in Resources */,
				16BC26E11EE36BC9009C2688 /* topos9.png in Resources */,
				16AF16EF1EE07F2A008A9B17 /* WhatsApp Image 2017-05-19 at 17.03.02.jpeg in Resources */,
				16AF170D1EE093E5008A9B17 /* WhatsApp Image 2017-05-19 at 17.06.38.jpeg in Resources */,
				16AF16FF1EE09371008A9B17 /* WhatsApp Image 2017-05-19 at 17.04.56.jpeg in Resources */,
				16AF171B1EE0F74B008A9B17 /* fondo1.jpg in Resources */,
				16AF16F51EE092A0008A9B17 /* Seleccion.jpeg in Resources */,
				16AF17231EE0F74B008A9B17 /* fondo9.jpg in Resources */,
				16AF16FD1EE09365008A9B17 /* GaleriaTopos.jpeg in Resources */,
				16BC26E01EE36BC9009C2688 /* topos8.png in Resources */,
				16AF17031EE09395008A9B17 /* GaleriaMusica.jpeg in Resources */,
				16AF16F31EE09228008A9B17 /* WhatsApp Image 2017-05-19 at 17.03.23.jpeg in Resources */,
				16AF171C1EE0F74B008A9B17 /* fondo2.jpg in Resources */,
				16BC26E21EE36BC9009C2688 /* topos10.png in Resources */,
				16AF16F91EE0934A008A9B17 /* WhatsApp Image 2017-05-19 at 17.03.55.jpeg in Resources */,
				16AF171F1EE0F74B008A9B17 /* fondo5.jpg in Resources */,
				16BC26E41EE36BC9009C2688 /* topos12.png in Resources */,
				16AF170F1EE093F0008A9B17 /* MisCuentos.jpeg in Resources */,
				16BC26E61EE36BC9009C2688 /* topos14.png in Resources */,
				16AF17011EE0938C008A9B17 /* WhatsApp Image 2017-05-19 at 17.05.11.jpeg in Resources */,
				16BC26ED1EE459DF009C2688 /* Seleccion.storyboard in Resources */,
				16BC26DF1EE36BC9009C2688 /* topos7.png in Resources */,
				16BC26E81EE36BC9009C2688 /* topos16.png in Resources */,
				16BC26DC1EE36BC9009C2688 /* topos4.png in Resources */,
				16BC26DE1EE36BC9009C2688 /* topos6.png in Resources */,
				16BC26DA1EE36BC9009C2688 /* topos2.png in Resources */,
				16EA3D381EDD971700B30D72 /* LaunchScreen.storyboard in Resources */,
				167678931EE4D2F900EED638 /* GrabarAudio.storyboard in Resources */,
				16BC26E51EE36BC9009C2688 /* topos13.png in Resources */,
				16AF17241EE0F74B008A9B17 /* fondo10.jpg in Resources */,
				16AF171E1EE0F74B008A9B17 /* fondo4.jpg in Resources */,
				16BC26DB1EE36BC9009C2688 /* topos3.png in Resources */,
				16EA3D351EDD971700B30D72 /* Assets.xcassets in Resources */,
				16EA3D301EDD971700B30D72 /* Main.storyboard in Resources */,
				16AF170B1EE093D5008A9B17 /* WhatsApp Image 2017-05-19 at 17.06.27.jpeg in Resources */,
				16BC26EB1EE36BC9009C2688 /* topos19.png in Resources */,
				16AF17091EE093C1008A9B17 /* WhatsApp Image 2017-05-19 at 17.05.59.jpeg in Resources */,
				16AF17261EE0F838008A9B17 /* GaleriaFondos.storyboard in Resources */,
				16BC26E91EE36BC9009C2688 /* topos17.png in Resources */,
				16BC26F71EE49CCF009C2688 /* GaleriaMusica.storyboard in Resources */,
				16BC26EA1EE36BC9009C2688 /* topos18.png in Resources */,
				16AF17071EE093AF008A9B17 /* WhatsApp Image 2017-05-19 at 17.05.52.jpeg in Resources */,
				16BC26DD1EE36BC9009C2688 /* topos5.png in Resources */,
			);
			runOnlyForDeploymentPostprocessing = 0;
		};
		16EA3D3C1EDD971800B30D72 /* Resources */ = {
			isa = PBXResourcesBuildPhase;
			buildActionMask = 2147483647;
			files = (
			);
			runOnlyForDeploymentPostprocessing = 0;
		};
		16EA3D471EDD971800B30D72 /* Resources */ = {
			isa = PBXResourcesBuildPhase;
			buildActionMask = 2147483647;
			files = (
			);
			runOnlyForDeploymentPostprocessing = 0;
		};
/* End PBXResourcesBuildPhase section */

/* Begin PBXSourcesBuildPhase section */
		16EA3D231EDD971700B30D72 /* Sources */ = {
			isa = PBXSourcesBuildPhase;
			buildActionMask = 2147483647;
			files = (
				16BC26F91EE49D85009C2688 /* GaleriaMusicaCollectionViewCell.swift in Sources */,
				167678951EE4D31100EED638 /* GrabarAudioViewController.swift in Sources */,
				16EA3D2D1EDD971700B30D72 /* ViewController.swift in Sources */,
				16BC26F11EE45D02009C2688 /* GaleriaFondosViewController.swift in Sources */,
				16EA3D331EDD971700B30D72 /* Topos.xcdatamodeld in Sources */,
				16BC26F51EE49CB0009C2688 /* GaleriaMusicaViewController.swift in Sources */,
				16EA3D2B1EDD971700B30D72 /* AppDelegate.swift in Sources */,
				16BC26EF1EE45B6F009C2688 /* SeleccionViewController.swift in Sources */,
				16BC26F31EE49A81009C2688 /* GaleriaToposViewController.swift in Sources */,
				16BC26C21EE36A6E009C2688 /* GaleriaToposCollectionViewCell.swift in Sources */,
				16AF172A1EE0F8BA008A9B17 /* GaleriaFondosCollectionViewCell.swift in Sources */,
			);
			runOnlyForDeploymentPostprocessing = 0;
		};
		16EA3D3A1EDD971800B30D72 /* Sources */ = {
			isa = PBXSourcesBuildPhase;
			buildActionMask = 2147483647;
			files = (
				16EA3D431EDD971800B30D72 /* ToposTests.swift in Sources */,
			);
			runOnlyForDeploymentPostprocessing = 0;
		};
		16EA3D451EDD971800B30D72 /* Sources */ = {
			isa = PBXSourcesBuildPhase;
			buildActionMask = 2147483647;
			files = (
				16EA3D4E1EDD971800B30D72 /* ToposUITests.swift in Sources */,
			);
			runOnlyForDeploymentPostprocessing = 0;
		};
/* End PBXSourcesBuildPhase section */

/* Begin PBXTargetDependency section */
		16EA3D401EDD971800B30D72 /* PBXTargetDependency */ = {
			isa = PBXTargetDependency;
			target = 16EA3D261EDD971700B30D72 /* Topos */;
			targetProxy = 16EA3D3F1EDD971800B30D72 /* PBXContainerItemProxy */;
		};
		16EA3D4B1EDD971800B30D72 /* PBXTargetDependency */ = {
			isa = PBXTargetDependency;
			target = 16EA3D261EDD971700B30D72 /* Topos */;
			targetProxy = 16EA3D4A1EDD971800B30D72 /* PBXContainerItemProxy */;
		};
/* End PBXTargetDependency section */

/* Begin PBXVariantGroup section */
		16EA3D2E1EDD971700B30D72 /* Main.storyboard */ = {
			isa = PBXVariantGroup;
			children = (
				16EA3D2F1EDD971700B30D72 /* Base */,
			);
			name = Main.storyboard;
			sourceTree = "<group>";
		};
		16EA3D361EDD971700B30D72 /* LaunchScreen.storyboard */ = {
			isa = PBXVariantGroup;
			children = (
				16EA3D371EDD971700B30D72 /* Base */,
			);
			name = LaunchScreen.storyboard;
			sourceTree = "<group>";
		};
/* End PBXVariantGroup section */

/* Begin XCBuildConfiguration section */
		16EA3D501EDD971800B30D72 /* Debug */ = {
			isa = XCBuildConfiguration;
			buildSettings = {
				ALWAYS_SEARCH_USER_PATHS = NO;
				CLANG_ANALYZER_NONNULL = YES;
				CLANG_ANALYZER_NUMBER_OBJECT_CONVERSION = YES_AGGRESSIVE;
				CLANG_CXX_LANGUAGE_STANDARD = "gnu++0x";
				CLANG_CXX_LIBRARY = "libc++";
				CLANG_ENABLE_MODULES = YES;
				CLANG_ENABLE_OBJC_ARC = YES;
				CLANG_WARN_BOOL_CONVERSION = YES;
				CLANG_WARN_CONSTANT_CONVERSION = YES;
				CLANG_WARN_DIRECT_OBJC_ISA_USAGE = YES_ERROR;
				CLANG_WARN_DOCUMENTATION_COMMENTS = YES;
				CLANG_WARN_EMPTY_BODY = YES;
				CLANG_WARN_ENUM_CONVERSION = YES;
				CLANG_WARN_INFINITE_RECURSION = YES;
				CLANG_WARN_INT_CONVERSION = YES;
				CLANG_WARN_OBJC_ROOT_CLASS = YES_ERROR;
				CLANG_WARN_SUSPICIOUS_MOVE = YES;
				CLANG_WARN_UNREACHABLE_CODE = YES;
				CLANG_WARN__DUPLICATE_METHOD_MATCH = YES;
				"CODE_SIGN_IDENTITY[sdk=iphoneos*]" = "iPhone Developer";
				COPY_PHASE_STRIP = NO;
				DEBUG_INFORMATION_FORMAT = dwarf;
				ENABLE_STRICT_OBJC_MSGSEND = YES;
				ENABLE_TESTABILITY = YES;
				GCC_C_LANGUAGE_STANDARD = gnu99;
				GCC_DYNAMIC_NO_PIC = NO;
				GCC_NO_COMMON_BLOCKS = YES;
				GCC_OPTIMIZATION_LEVEL = 0;
				GCC_PREPROCESSOR_DEFINITIONS = (
					"DEBUG=1",
					"$(inherited)",
				);
				GCC_WARN_64_TO_32_BIT_CONVERSION = YES;
				GCC_WARN_ABOUT_RETURN_TYPE = YES_ERROR;
				GCC_WARN_UNDECLARED_SELECTOR = YES;
				GCC_WARN_UNINITIALIZED_AUTOS = YES_AGGRESSIVE;
				GCC_WARN_UNUSED_FUNCTION = YES;
				GCC_WARN_UNUSED_VARIABLE = YES;
				IPHONEOS_DEPLOYMENT_TARGET = 10.3;
				MTL_ENABLE_DEBUG_INFO = YES;
				ONLY_ACTIVE_ARCH = YES;
				SDKROOT = iphoneos;
				SWIFT_ACTIVE_COMPILATION_CONDITIONS = DEBUG;
				SWIFT_OPTIMIZATION_LEVEL = "-Onone";
				TARGETED_DEVICE_FAMILY = "1,2";
			};
			name = Debug;
		};
		16EA3D511EDD971800B30D72 /* Release */ = {
			isa = XCBuildConfiguration;
			buildSettings = {
				ALWAYS_SEARCH_USER_PATHS = NO;
				CLANG_ANALYZER_NONNULL = YES;
				CLANG_ANALYZER_NUMBER_OBJECT_CONVERSION = YES_AGGRESSIVE;
				CLANG_CXX_LANGUAGE_STANDARD = "gnu++0x";
				CLANG_CXX_LIBRARY = "libc++";
				CLANG_ENABLE_MODULES = YES;
				CLANG_ENABLE_OBJC_ARC = YES;
				CLANG_WARN_BOOL_CONVERSION = YES;
				CLANG_WARN_CONSTANT_CONVERSION = YES;
				CLANG_WARN_DIRECT_OBJC_ISA_USAGE = YES_ERROR;
				CLANG_WARN_DOCUMENTATION_COMMENTS = YES;
				CLANG_WARN_EMPTY_BODY = YES;
				CLANG_WARN_ENUM_CONVERSION = YES;
				CLANG_WARN_INFINITE_RECURSION = YES;
				CLANG_WARN_INT_CONVERSION = YES;
				CLANG_WARN_OBJC_ROOT_CLASS = YES_ERROR;
				CLANG_WARN_SUSPICIOUS_MOVE = YES;
				CLANG_WARN_UNREACHABLE_CODE = YES;
				CLANG_WARN__DUPLICATE_METHOD_MATCH = YES;
				"CODE_SIGN_IDENTITY[sdk=iphoneos*]" = "iPhone Developer";
				COPY_PHASE_STRIP = NO;
				DEBUG_INFORMATION_FORMAT = "dwarf-with-dsym";
				ENABLE_NS_ASSERTIONS = NO;
				ENABLE_STRICT_OBJC_MSGSEND = YES;
				GCC_C_LANGUAGE_STANDARD = gnu99;
				GCC_NO_COMMON_BLOCKS = YES;
				GCC_WARN_64_TO_32_BIT_CONVERSION = YES;
				GCC_WARN_ABOUT_RETURN_TYPE = YES_ERROR;
				GCC_WARN_UNDECLARED_SELECTOR = YES;
				GCC_WARN_UNINITIALIZED_AUTOS = YES_AGGRESSIVE;
				GCC_WARN_UNUSED_FUNCTION = YES;
				GCC_WARN_UNUSED_VARIABLE = YES;
				IPHONEOS_DEPLOYMENT_TARGET = 10.3;
				MTL_ENABLE_DEBUG_INFO = NO;
				SDKROOT = iphoneos;
				SWIFT_OPTIMIZATION_LEVEL = "-Owholemodule";
				TARGETED_DEVICE_FAMILY = "1,2";
				VALIDATE_PRODUCT = YES;
			};
			name = Release;
		};
		16EA3D531EDD971800B30D72 /* Debug */ = {
			isa = XCBuildConfiguration;
			buildSettings = {
				ASSETCATALOG_COMPILER_APPICON_NAME = AppIcon;
				DEVELOPMENT_TEAM = 82M5R9Y24F;
				INFOPLIST_FILE = Topos/Info.plist;
				LD_RUNPATH_SEARCH_PATHS = "$(inherited) @executable_path/Frameworks";
				PRODUCT_BUNDLE_IDENTIFIER = com.blums.topos;
				PRODUCT_NAME = "$(TARGET_NAME)";
				SWIFT_VERSION = 3.0;
			};
			name = Debug;
		};
		16EA3D541EDD971800B30D72 /* Release */ = {
			isa = XCBuildConfiguration;
			buildSettings = {
				ASSETCATALOG_COMPILER_APPICON_NAME = AppIcon;
				DEVELOPMENT_TEAM = 82M5R9Y24F;
				INFOPLIST_FILE = Topos/Info.plist;
				LD_RUNPATH_SEARCH_PATHS = "$(inherited) @executable_path/Frameworks";
				PRODUCT_BUNDLE_IDENTIFIER = com.blums.topos;
				PRODUCT_NAME = "$(TARGET_NAME)";
				SWIFT_VERSION = 3.0;
			};
			name = Release;
		};
		16EA3D561EDD971800B30D72 /* Debug */ = {
			isa = XCBuildConfiguration;
			buildSettings = {
				ALWAYS_EMBED_SWIFT_STANDARD_LIBRARIES = YES;
				BUNDLE_LOADER = "$(TEST_HOST)";
				INFOPLIST_FILE = ToposTests/Info.plist;
				LD_RUNPATH_SEARCH_PATHS = "$(inherited) @executable_path/Frameworks @loader_path/Frameworks";
				PRODUCT_BUNDLE_IDENTIFIER = com.blums.ToposTests;
				PRODUCT_NAME = "$(TARGET_NAME)";
				SWIFT_VERSION = 3.0;
				TEST_HOST = "$(BUILT_PRODUCTS_DIR)/Topos.app/Topos";
			};
			name = Debug;
		};
		16EA3D571EDD971800B30D72 /* Release */ = {
			isa = XCBuildConfiguration;
			buildSettings = {
				ALWAYS_EMBED_SWIFT_STANDARD_LIBRARIES = YES;
				BUNDLE_LOADER = "$(TEST_HOST)";
				INFOPLIST_FILE = ToposTests/Info.plist;
				LD_RUNPATH_SEARCH_PATHS = "$(inherited) @executable_path/Frameworks @loader_path/Frameworks";
				PRODUCT_BUNDLE_IDENTIFIER = com.blums.ToposTests;
				PRODUCT_NAME = "$(TARGET_NAME)";
				SWIFT_VERSION = 3.0;
				TEST_HOST = "$(BUILT_PRODUCTS_DIR)/Topos.app/Topos";
			};
			name = Release;
		};
		16EA3D591EDD971800B30D72 /* Debug */ = {
			isa = XCBuildConfiguration;
			buildSettings = {
				ALWAYS_EMBED_SWIFT_STANDARD_LIBRARIES = YES;
				INFOPLIST_FILE = ToposUITests/Info.plist;
				LD_RUNPATH_SEARCH_PATHS = "$(inherited) @executable_path/Frameworks @loader_path/Frameworks";
				PRODUCT_BUNDLE_IDENTIFIER = com.blums.ToposUITests;
				PRODUCT_NAME = "$(TARGET_NAME)";
				SWIFT_VERSION = 3.0;
				TEST_TARGET_NAME = Topos;
			};
			name = Debug;
		};
		16EA3D5A1EDD971800B30D72 /* Release */ = {
			isa = XCBuildConfiguration;
			buildSettings = {
				ALWAYS_EMBED_SWIFT_STANDARD_LIBRARIES = YES;
				INFOPLIST_FILE = ToposUITests/Info.plist;
				LD_RUNPATH_SEARCH_PATHS = "$(inherited) @executable_path/Frameworks @loader_path/Frameworks";
				PRODUCT_BUNDLE_IDENTIFIER = com.blums.ToposUITests;
				PRODUCT_NAME = "$(TARGET_NAME)";
				SWIFT_VERSION = 3.0;
				TEST_TARGET_NAME = Topos;
			};
			name = Release;
		};
/* End XCBuildConfiguration section */

/* Begin XCConfigurationList section */
		16EA3D221EDD971700B30D72 /* Build configuration list for PBXProject "Topos" */ = {
			isa = XCConfigurationList;
			buildConfigurations = (
				16EA3D501EDD971800B30D72 /* Debug */,
				16EA3D511EDD971800B30D72 /* Release */,
			);
			defaultConfigurationIsVisible = 0;
			defaultConfigurationName = Release;
		};
		16EA3D521EDD971800B30D72 /* Build configuration list for PBXNativeTarget "Topos" */ = {
			isa = XCConfigurationList;
			buildConfigurations = (
				16EA3D531EDD971800B30D72 /* Debug */,
				16EA3D541EDD971800B30D72 /* Release */,
			);
			defaultConfigurationIsVisible = 0;
			defaultConfigurationName = Release;
		};
		16EA3D551EDD971800B30D72 /* Build configuration list for PBXNativeTarget "ToposTests" */ = {
			isa = XCConfigurationList;
			buildConfigurations = (
				16EA3D561EDD971800B30D72 /* Debug */,
				16EA3D571EDD971800B30D72 /* Release */,
			);
			defaultConfigurationIsVisible = 0;
			defaultConfigurationName = Release;
		};
		16EA3D581EDD971800B30D72 /* Build configuration list for PBXNativeTarget "ToposUITests" */ = {
			isa = XCConfigurationList;
			buildConfigurations = (
				16EA3D591EDD971800B30D72 /* Debug */,
				16EA3D5A1EDD971800B30D72 /* Release */,
			);
			defaultConfigurationIsVisible = 0;
			defaultConfigurationName = Release;
		};
/* End XCConfigurationList section */

/* Begin XCVersionGroup section */
		16EA3D311EDD971700B30D72 /* Topos.xcdatamodeld */ = {
			isa = XCVersionGroup;
			children = (
				16EA3D321EDD971700B30D72 /* Topos.xcdatamodel */,
			);
			currentVersion = 16EA3D321EDD971700B30D72 /* Topos.xcdatamodel */;
			path = Topos.xcdatamodeld;
			sourceTree = "<group>";
			versionGroupType = wrapper.xcdatamodel;
		};
/* End XCVersionGroup section */
	};
	rootObject = 16EA3D1F1EDD971700B30D72 /* Project object */;
}
